// !$*UTF8*$!
{
	archiveVersion = 1;
	classes = {
	};
	objectVersion = 46;
	objects = {

/* Begin PBXBuildFile section */
		0AA44A2909D88B2500AE6679 /* CoreServices.framework in Frameworks */ = {isa = PBXBuildFile; fileRef = 8BA05B01072074F900365D66 /* CoreServices.framework */; };
		0AA44A2C09D88B4400AE6679 /* AudioUnit.framework in Frameworks */ = {isa = PBXBuildFile; fileRef = 8BA05AFA072074E100365D66 /* AudioUnit.framework */; };
		0AA44A2E09D88B5E00AE6679 /* AudioToolbox.framework in Frameworks */ = {isa = PBXBuildFile; fileRef = 8BA05AF9072074E100365D66 /* AudioToolbox.framework */; };
		0AA44B9C09D8D67C00AE6679 /* EQDemo.cpp in Sources */ = {isa = PBXBuildFile; fileRef = 0AA44B9B09D8D67C00AE6679 /* EQDemo.cpp */; };
		37678DF9183C4DA10049E87F /* EQDemoVersion.h in Headers */ = {isa = PBXBuildFile; fileRef = 37678DF8183C4DA10049E87F /* EQDemoVersion.h */; };
		37678F81183C67FC0049E87F /* EQDemo.component in Copy Files */ = {isa = PBXBuildFile; fileRef = 8D01CCD20486CAD60068D4B7 /* EQDemo.component */; };
		379784DA183EFA31008AED79 /* libFutureTechAudioStatic.a in Frameworks */ = {isa = PBXBuildFile; fileRef = 379784D9183EFA31008AED79 /* libFutureTechAudioStatic.a */; };
		379784E41841263D008AED79 /* Accelerate.framework in Frameworks */ = {isa = PBXBuildFile; fileRef = 379784E31841263D008AED79 /* Accelerate.framework */; };
		82FE269315DC41D800C22322 /* AUBase.cpp in Sources */ = {isa = PBXBuildFile; fileRef = 82FE265B15DC41D800C22322 /* AUBase.cpp */; };
		82FE269415DC41D800C22322 /* AUBase.h in Headers */ = {isa = PBXBuildFile; fileRef = 82FE265C15DC41D800C22322 /* AUBase.h */; };
		82FE269715DC41D800C22322 /* AUInputElement.cpp in Sources */ = {isa = PBXBuildFile; fileRef = 82FE265F15DC41D800C22322 /* AUInputElement.cpp */; };
		82FE269815DC41D800C22322 /* AUInputElement.h in Headers */ = {isa = PBXBuildFile; fileRef = 82FE266015DC41D800C22322 /* AUInputElement.h */; };
		82FE269915DC41D800C22322 /* AUOutputElement.cpp in Sources */ = {isa = PBXBuildFile; fileRef = 82FE266115DC41D800C22322 /* AUOutputElement.cpp */; };
		82FE269A15DC41D800C22322 /* AUOutputElement.h in Headers */ = {isa = PBXBuildFile; fileRef = 82FE266215DC41D800C22322 /* AUOutputElement.h */; };
		82FE269B15DC41D800C22322 /* AUPlugInDispatch.cpp in Sources */ = {isa = PBXBuildFile; fileRef = 82FE266315DC41D800C22322 /* AUPlugInDispatch.cpp */; };
		82FE269C15DC41D800C22322 /* AUPlugInDispatch.h in Headers */ = {isa = PBXBuildFile; fileRef = 82FE266415DC41D800C22322 /* AUPlugInDispatch.h */; };
		82FE269D15DC41D800C22322 /* AUScopeElement.cpp in Sources */ = {isa = PBXBuildFile; fileRef = 82FE266515DC41D800C22322 /* AUScopeElement.cpp */; };
		82FE269E15DC41D800C22322 /* AUScopeElement.h in Headers */ = {isa = PBXBuildFile; fileRef = 82FE266615DC41D800C22322 /* AUScopeElement.h */; };
		82FE269F15DC41D800C22322 /* ComponentBase.cpp in Sources */ = {isa = PBXBuildFile; fileRef = 82FE266715DC41D800C22322 /* ComponentBase.cpp */; };
		82FE26A015DC41D800C22322 /* ComponentBase.h in Headers */ = {isa = PBXBuildFile; fileRef = 82FE266815DC41D800C22322 /* ComponentBase.h */; };
		82FE26A115DC41D800C22322 /* AUEffectBase.cpp in Sources */ = {isa = PBXBuildFile; fileRef = 82FE266A15DC41D800C22322 /* AUEffectBase.cpp */; };
		82FE26A215DC41D800C22322 /* AUEffectBase.h in Headers */ = {isa = PBXBuildFile; fileRef = 82FE266B15DC41D800C22322 /* AUEffectBase.h */; };
		82FE26A315DC41D900C22322 /* AUBaseHelper.cpp in Sources */ = {isa = PBXBuildFile; fileRef = 82FE266D15DC41D800C22322 /* AUBaseHelper.cpp */; };
		82FE26A415DC41D900C22322 /* AUBaseHelper.h in Headers */ = {isa = PBXBuildFile; fileRef = 82FE266E15DC41D800C22322 /* AUBaseHelper.h */; };
		82FE26A515DC41D900C22322 /* AUBuffer.cpp in Sources */ = {isa = PBXBuildFile; fileRef = 82FE266F15DC41D800C22322 /* AUBuffer.cpp */; };
		82FE26A615DC41D900C22322 /* AUBuffer.h in Headers */ = {isa = PBXBuildFile; fileRef = 82FE267015DC41D800C22322 /* AUBuffer.h */; };
		82FE26A715DC41D900C22322 /* AUSilentTimeout.h in Headers */ = {isa = PBXBuildFile; fileRef = 82FE267115DC41D800C22322 /* AUSilentTimeout.h */; };
		82FE26A815DC41D900C22322 /* CAAtomic.h in Headers */ = {isa = PBXBuildFile; fileRef = 82FE267315DC41D800C22322 /* CAAtomic.h */; };
		82FE26A915DC41D900C22322 /* CAAtomicStack.h in Headers */ = {isa = PBXBuildFile; fileRef = 82FE267415DC41D800C22322 /* CAAtomicStack.h */; };
		82FE26AA15DC41D900C22322 /* CAAudioChannelLayout.cpp in Sources */ = {isa = PBXBuildFile; fileRef = 82FE267515DC41D800C22322 /* CAAudioChannelLayout.cpp */; };
		82FE26AB15DC41D900C22322 /* CAAudioChannelLayout.h in Headers */ = {isa = PBXBuildFile; fileRef = 82FE267615DC41D800C22322 /* CAAudioChannelLayout.h */; };
		82FE26AC15DC41D900C22322 /* CAAutoDisposer.h in Headers */ = {isa = PBXBuildFile; fileRef = 82FE267715DC41D800C22322 /* CAAutoDisposer.h */; };
		82FE26AD15DC41D900C22322 /* CABufferList.cpp in Sources */ = {isa = PBXBuildFile; fileRef = 82FE267815DC41D800C22322 /* CABufferList.cpp */; };
		82FE26AE15DC41D900C22322 /* CABufferList.h in Headers */ = {isa = PBXBuildFile; fileRef = 82FE267915DC41D800C22322 /* CABufferList.h */; };
		82FE26AF15DC41D900C22322 /* CAByteOrder.h in Headers */ = {isa = PBXBuildFile; fileRef = 82FE267A15DC41D800C22322 /* CAByteOrder.h */; };
		82FE26B015DC41D900C22322 /* CADebugger.cpp in Sources */ = {isa = PBXBuildFile; fileRef = 82FE267B15DC41D800C22322 /* CADebugger.cpp */; };
		82FE26B115DC41D900C22322 /* CADebugger.h in Headers */ = {isa = PBXBuildFile; fileRef = 82FE267C15DC41D800C22322 /* CADebugger.h */; };
		82FE26B215DC41D900C22322 /* CADebugMacros.cpp in Sources */ = {isa = PBXBuildFile; fileRef = 82FE267D15DC41D800C22322 /* CADebugMacros.cpp */; };
		82FE26B315DC41D900C22322 /* CADebugMacros.h in Headers */ = {isa = PBXBuildFile; fileRef = 82FE267E15DC41D800C22322 /* CADebugMacros.h */; };
		82FE26B415DC41D900C22322 /* CADebugPrintf.cpp in Sources */ = {isa = PBXBuildFile; fileRef = 82FE267F15DC41D800C22322 /* CADebugPrintf.cpp */; };
		82FE26B515DC41D900C22322 /* CADebugPrintf.h in Headers */ = {isa = PBXBuildFile; fileRef = 82FE268015DC41D800C22322 /* CADebugPrintf.h */; };
		82FE26B615DC41D900C22322 /* CAException.h in Headers */ = {isa = PBXBuildFile; fileRef = 82FE268115DC41D800C22322 /* CAException.h */; };
		82FE26B715DC41D900C22322 /* CAGuard.cpp in Sources */ = {isa = PBXBuildFile; fileRef = 82FE268215DC41D800C22322 /* CAGuard.cpp */; };
		82FE26B815DC41D900C22322 /* CAGuard.h in Headers */ = {isa = PBXBuildFile; fileRef = 82FE268315DC41D800C22322 /* CAGuard.h */; };
		82FE26B915DC41D900C22322 /* CAHostTimeBase.cpp in Sources */ = {isa = PBXBuildFile; fileRef = 82FE268415DC41D800C22322 /* CAHostTimeBase.cpp */; };
		82FE26BA15DC41D900C22322 /* CAHostTimeBase.h in Headers */ = {isa = PBXBuildFile; fileRef = 82FE268515DC41D800C22322 /* CAHostTimeBase.h */; };
		82FE26BB15DC41D900C22322 /* CALogMacros.h in Headers */ = {isa = PBXBuildFile; fileRef = 82FE268615DC41D800C22322 /* CALogMacros.h */; };
		82FE26BC15DC41D900C22322 /* CAMath.h in Headers */ = {isa = PBXBuildFile; fileRef = 82FE268715DC41D800C22322 /* CAMath.h */; };
		82FE26BD15DC41D900C22322 /* CAMutex.cpp in Sources */ = {isa = PBXBuildFile; fileRef = 82FE268815DC41D800C22322 /* CAMutex.cpp */; };
		82FE26BE15DC41D900C22322 /* CAMutex.h in Headers */ = {isa = PBXBuildFile; fileRef = 82FE268915DC41D800C22322 /* CAMutex.h */; };
		82FE26BF15DC41D900C22322 /* CAReferenceCounted.h in Headers */ = {isa = PBXBuildFile; fileRef = 82FE268A15DC41D800C22322 /* CAReferenceCounted.h */; };
		82FE26C015DC41D900C22322 /* CAStreamBasicDescription.cpp in Sources */ = {isa = PBXBuildFile; fileRef = 82FE268B15DC41D800C22322 /* CAStreamBasicDescription.cpp */; };
		82FE26C115DC41D900C22322 /* CAStreamBasicDescription.h in Headers */ = {isa = PBXBuildFile; fileRef = 82FE268C15DC41D800C22322 /* CAStreamBasicDescription.h */; };
		82FE26C215DC41D900C22322 /* CAThreadSafeList.h in Headers */ = {isa = PBXBuildFile; fileRef = 82FE268D15DC41D800C22322 /* CAThreadSafeList.h */; };
		82FE26C315DC41D900C22322 /* CAVectorUnit.cpp in Sources */ = {isa = PBXBuildFile; fileRef = 82FE268E15DC41D800C22322 /* CAVectorUnit.cpp */; };
		82FE26C415DC41D900C22322 /* CAVectorUnit.h in Headers */ = {isa = PBXBuildFile; fileRef = 82FE268F15DC41D800C22322 /* CAVectorUnit.h */; };
		82FE26C515DC41D900C22322 /* CAVectorUnitTypes.h in Headers */ = {isa = PBXBuildFile; fileRef = 82FE269015DC41D800C22322 /* CAVectorUnitTypes.h */; };
		82FE26C615DC41D900C22322 /* CAXException.cpp in Sources */ = {isa = PBXBuildFile; fileRef = 82FE269115DC41D800C22322 /* CAXException.cpp */; };
		82FE26C715DC41D900C22322 /* CAXException.h in Headers */ = {isa = PBXBuildFile; fileRef = 82FE269215DC41D800C22322 /* CAXException.h */; };
		8BC6025C073B072D006C4272 /* EQDemo.h in Headers */ = {isa = PBXBuildFile; fileRef = 8BC6025B073B072D006C4272 /* EQDemo.h */; };
		8D01CCC80486CAD60068D4B7 /* EQDemo_Prefix.pch in Headers */ = {isa = PBXBuildFile; fileRef = 32BAE0B30371A71500C91783 /* EQDemo_Prefix.pch */; };
		8D01CCCA0486CAD60068D4B7 /* InfoPlist.strings in Resources */ = {isa = PBXBuildFile; fileRef = 089C167DFE841241C02AAC07 /* InfoPlist.strings */; };
/* End PBXBuildFile section */

/* Begin PBXCopyFilesBuildPhase section */
		37678F80183C67E80049E87F /* Copy Files */ = {
			isa = PBXCopyFilesBuildPhase;
			buildActionMask = 2147483647;
			dstPath = "$(USER_LIBRARY_DIR)/Audio/Plug-Ins/Components";
			dstSubfolderSpec = 0;
			files = (
				37678F81183C67FC0049E87F /* EQDemo.component in Copy Files */,
			);
			name = "Copy Files";
			runOnlyForDeploymentPostprocessing = 0;
		};
/* End PBXCopyFilesBuildPhase section */

/* Begin PBXFileReference section */
		089C167EFE841241C02AAC07 /* English */ = {isa = PBXFileReference; fileEncoding = 10; lastKnownFileType = text.plist.strings; name = English; path = English.lproj/InfoPlist.strings; sourceTree = "<group>"; };
		0AA44B9B09D8D67C00AE6679 /* EQDemo.cpp */ = {isa = PBXFileReference; fileEncoding = 30; lastKnownFileType = sourcecode.cpp.cpp; path = EQDemo.cpp; sourceTree = "<group>"; };
		32BAE0B30371A71500C91783 /* EQDemo_Prefix.pch */ = {isa = PBXFileReference; fileEncoding = 4; lastKnownFileType = sourcecode.c.h; path = EQDemo_Prefix.pch; sourceTree = "<group>"; };
		37678DF8183C4DA10049E87F /* EQDemoVersion.h */ = {isa = PBXFileReference; fileEncoding = 4; lastKnownFileType = sourcecode.c.h; path = EQDemoVersion.h; sourceTree = "<group>"; };
		379784D9183EFA31008AED79 /* libFutureTechAudioStatic.a */ = {isa = PBXFileReference; lastKnownFileType = archive.ar; name = libFutureTechAudioStatic.a; path = "../../../../../../Library/Developer/Xcode/DerivedData/FutureTechAudio-afjfzryzrpxyoncijjmohkloyzbv/Build/Products/Debug/libFutureTechAudioStatic.a"; sourceTree = "<group>"; };
		379784E31841263D008AED79 /* Accelerate.framework */ = {isa = PBXFileReference; lastKnownFileType = wrapper.framework; name = Accelerate.framework; path = System/Library/Frameworks/Accelerate.framework; sourceTree = SDKROOT; };
		82FE265B15DC41D800C22322 /* AUBase.cpp */ = {isa = PBXFileReference; fileEncoding = 4; lastKnownFileType = sourcecode.cpp.cpp; path = AUBase.cpp; sourceTree = "<group>"; };
		82FE265C15DC41D800C22322 /* AUBase.h */ = {isa = PBXFileReference; fileEncoding = 4; lastKnownFileType = sourcecode.c.h; path = AUBase.h; sourceTree = "<group>"; };
		82FE265D15DC41D800C22322 /* AUDispatch.cpp */ = {isa = PBXFileReference; fileEncoding = 4; lastKnownFileType = sourcecode.cpp.cpp; path = AUDispatch.cpp; sourceTree = "<group>"; };
		82FE265E15DC41D800C22322 /* AUDispatch.h */ = {isa = PBXFileReference; fileEncoding = 4; lastKnownFileType = sourcecode.c.h; path = AUDispatch.h; sourceTree = "<group>"; };
		82FE265F15DC41D800C22322 /* AUInputElement.cpp */ = {isa = PBXFileReference; fileEncoding = 4; lastKnownFileType = sourcecode.cpp.cpp; path = AUInputElement.cpp; sourceTree = "<group>"; };
		82FE266015DC41D800C22322 /* AUInputElement.h */ = {isa = PBXFileReference; fileEncoding = 4; lastKnownFileType = sourcecode.c.h; path = AUInputElement.h; sourceTree = "<group>"; };
		82FE266115DC41D800C22322 /* AUOutputElement.cpp */ = {isa = PBXFileReference; fileEncoding = 4; lastKnownFileType = sourcecode.cpp.cpp; path = AUOutputElement.cpp; sourceTree = "<group>"; };
		82FE266215DC41D800C22322 /* AUOutputElement.h */ = {isa = PBXFileReference; fileEncoding = 4; lastKnownFileType = sourcecode.c.h; path = AUOutputElement.h; sourceTree = "<group>"; };
		82FE266315DC41D800C22322 /* AUPlugInDispatch.cpp */ = {isa = PBXFileReference; fileEncoding = 4; lastKnownFileType = sourcecode.cpp.cpp; path = AUPlugInDispatch.cpp; sourceTree = "<group>"; };
		82FE266415DC41D800C22322 /* AUPlugInDispatch.h */ = {isa = PBXFileReference; fileEncoding = 4; lastKnownFileType = sourcecode.c.h; path = AUPlugInDispatch.h; sourceTree = "<group>"; };
		82FE266515DC41D800C22322 /* AUScopeElement.cpp */ = {isa = PBXFileReference; fileEncoding = 4; lastKnownFileType = sourcecode.cpp.cpp; path = AUScopeElement.cpp; sourceTree = "<group>"; };
		82FE266615DC41D800C22322 /* AUScopeElement.h */ = {isa = PBXFileReference; fileEncoding = 4; lastKnownFileType = sourcecode.c.h; path = AUScopeElement.h; sourceTree = "<group>"; };
		82FE266715DC41D800C22322 /* ComponentBase.cpp */ = {isa = PBXFileReference; fileEncoding = 4; lastKnownFileType = sourcecode.cpp.cpp; path = ComponentBase.cpp; sourceTree = "<group>"; };
		82FE266815DC41D800C22322 /* ComponentBase.h */ = {isa = PBXFileReference; fileEncoding = 4; lastKnownFileType = sourcecode.c.h; path = ComponentBase.h; sourceTree = "<group>"; };
		82FE266A15DC41D800C22322 /* AUEffectBase.cpp */ = {isa = PBXFileReference; fileEncoding = 4; lastKnownFileType = sourcecode.cpp.cpp; path = AUEffectBase.cpp; sourceTree = "<group>"; };
		82FE266B15DC41D800C22322 /* AUEffectBase.h */ = {isa = PBXFileReference; fileEncoding = 4; lastKnownFileType = sourcecode.c.h; path = AUEffectBase.h; sourceTree = "<group>"; };
		82FE266D15DC41D800C22322 /* AUBaseHelper.cpp */ = {isa = PBXFileReference; fileEncoding = 4; lastKnownFileType = sourcecode.cpp.cpp; path = AUBaseHelper.cpp; sourceTree = "<group>"; };
		82FE266E15DC41D800C22322 /* AUBaseHelper.h */ = {isa = PBXFileReference; fileEncoding = 4; lastKnownFileType = sourcecode.c.h; path = AUBaseHelper.h; sourceTree = "<group>"; };
		82FE266F15DC41D800C22322 /* AUBuffer.cpp */ = {isa = PBXFileReference; fileEncoding = 4; lastKnownFileType = sourcecode.cpp.cpp; path = AUBuffer.cpp; sourceTree = "<group>"; };
		82FE267015DC41D800C22322 /* AUBuffer.h */ = {isa = PBXFileReference; fileEncoding = 4; lastKnownFileType = sourcecode.c.h; path = AUBuffer.h; sourceTree = "<group>"; };
		82FE267115DC41D800C22322 /* AUSilentTimeout.h */ = {isa = PBXFileReference; fileEncoding = 4; lastKnownFileType = sourcecode.c.h; path = AUSilentTimeout.h; sourceTree = "<group>"; };
		82FE267315DC41D800C22322 /* CAAtomic.h */ = {isa = PBXFileReference; fileEncoding = 4; lastKnownFileType = sourcecode.c.h; path = CAAtomic.h; sourceTree = "<group>"; };
		82FE267415DC41D800C22322 /* CAAtomicStack.h */ = {isa = PBXFileReference; fileEncoding = 4; lastKnownFileType = sourcecode.c.h; path = CAAtomicStack.h; sourceTree = "<group>"; };
		82FE267515DC41D800C22322 /* CAAudioChannelLayout.cpp */ = {isa = PBXFileReference; fileEncoding = 4; lastKnownFileType = sourcecode.cpp.cpp; path = CAAudioChannelLayout.cpp; sourceTree = "<group>"; };
		82FE267615DC41D800C22322 /* CAAudioChannelLayout.h */ = {isa = PBXFileReference; fileEncoding = 4; lastKnownFileType = sourcecode.c.h; path = CAAudioChannelLayout.h; sourceTree = "<group>"; };
		82FE267715DC41D800C22322 /* CAAutoDisposer.h */ = {isa = PBXFileReference; fileEncoding = 4; lastKnownFileType = sourcecode.c.h; path = CAAutoDisposer.h; sourceTree = "<group>"; };
		82FE267815DC41D800C22322 /* CABufferList.cpp */ = {isa = PBXFileReference; fileEncoding = 4; lastKnownFileType = sourcecode.cpp.cpp; path = CABufferList.cpp; sourceTree = "<group>"; };
		82FE267915DC41D800C22322 /* CABufferList.h */ = {isa = PBXFileReference; fileEncoding = 4; lastKnownFileType = sourcecode.c.h; path = CABufferList.h; sourceTree = "<group>"; };
		82FE267A15DC41D800C22322 /* CAByteOrder.h */ = {isa = PBXFileReference; fileEncoding = 4; lastKnownFileType = sourcecode.c.h; path = CAByteOrder.h; sourceTree = "<group>"; };
		82FE267B15DC41D800C22322 /* CADebugger.cpp */ = {isa = PBXFileReference; fileEncoding = 4; lastKnownFileType = sourcecode.cpp.cpp; path = CADebugger.cpp; sourceTree = "<group>"; };
		82FE267C15DC41D800C22322 /* CADebugger.h */ = {isa = PBXFileReference; fileEncoding = 4; lastKnownFileType = sourcecode.c.h; path = CADebugger.h; sourceTree = "<group>"; };
		82FE267D15DC41D800C22322 /* CADebugMacros.cpp */ = {isa = PBXFileReference; fileEncoding = 4; lastKnownFileType = sourcecode.cpp.cpp; path = CADebugMacros.cpp; sourceTree = "<group>"; };
		82FE267E15DC41D800C22322 /* CADebugMacros.h */ = {isa = PBXFileReference; fileEncoding = 4; lastKnownFileType = sourcecode.c.h; path = CADebugMacros.h; sourceTree = "<group>"; };
		82FE267F15DC41D800C22322 /* CADebugPrintf.cpp */ = {isa = PBXFileReference; fileEncoding = 4; lastKnownFileType = sourcecode.cpp.cpp; path = CADebugPrintf.cpp; sourceTree = "<group>"; };
		82FE268015DC41D800C22322 /* CADebugPrintf.h */ = {isa = PBXFileReference; fileEncoding = 4; lastKnownFileType = sourcecode.c.h; path = CADebugPrintf.h; sourceTree = "<group>"; };
		82FE268115DC41D800C22322 /* CAException.h */ = {isa = PBXFileReference; fileEncoding = 4; lastKnownFileType = sourcecode.c.h; path = CAException.h; sourceTree = "<group>"; };
		82FE268215DC41D800C22322 /* CAGuard.cpp */ = {isa = PBXFileReference; fileEncoding = 4; lastKnownFileType = sourcecode.cpp.cpp; path = CAGuard.cpp; sourceTree = "<group>"; };
		82FE268315DC41D800C22322 /* CAGuard.h */ = {isa = PBXFileReference; fileEncoding = 4; lastKnownFileType = sourcecode.c.h; path = CAGuard.h; sourceTree = "<group>"; };
		82FE268415DC41D800C22322 /* CAHostTimeBase.cpp */ = {isa = PBXFileReference; fileEncoding = 4; lastKnownFileType = sourcecode.cpp.cpp; path = CAHostTimeBase.cpp; sourceTree = "<group>"; };
		82FE268515DC41D800C22322 /* CAHostTimeBase.h */ = {isa = PBXFileReference; fileEncoding = 4; lastKnownFileType = sourcecode.c.h; path = CAHostTimeBase.h; sourceTree = "<group>"; };
		82FE268615DC41D800C22322 /* CALogMacros.h */ = {isa = PBXFileReference; fileEncoding = 4; lastKnownFileType = sourcecode.c.h; path = CALogMacros.h; sourceTree = "<group>"; };
		82FE268715DC41D800C22322 /* CAMath.h */ = {isa = PBXFileReference; fileEncoding = 4; lastKnownFileType = sourcecode.c.h; path = CAMath.h; sourceTree = "<group>"; };
		82FE268815DC41D800C22322 /* CAMutex.cpp */ = {isa = PBXFileReference; fileEncoding = 4; lastKnownFileType = sourcecode.cpp.cpp; path = CAMutex.cpp; sourceTree = "<group>"; };
		82FE268915DC41D800C22322 /* CAMutex.h */ = {isa = PBXFileReference; fileEncoding = 4; lastKnownFileType = sourcecode.c.h; path = CAMutex.h; sourceTree = "<group>"; };
		82FE268A15DC41D800C22322 /* CAReferenceCounted.h */ = {isa = PBXFileReference; fileEncoding = 4; lastKnownFileType = sourcecode.c.h; path = CAReferenceCounted.h; sourceTree = "<group>"; };
		82FE268B15DC41D800C22322 /* CAStreamBasicDescription.cpp */ = {isa = PBXFileReference; fileEncoding = 4; lastKnownFileType = sourcecode.cpp.cpp; path = CAStreamBasicDescription.cpp; sourceTree = "<group>"; };
		82FE268C15DC41D800C22322 /* CAStreamBasicDescription.h */ = {isa = PBXFileReference; fileEncoding = 4; lastKnownFileType = sourcecode.c.h; path = CAStreamBasicDescription.h; sourceTree = "<group>"; };
		82FE268D15DC41D800C22322 /* CAThreadSafeList.h */ = {isa = PBXFileReference; fileEncoding = 4; lastKnownFileType = sourcecode.c.h; path = CAThreadSafeList.h; sourceTree = "<group>"; };
		82FE268E15DC41D800C22322 /* CAVectorUnit.cpp */ = {isa = PBXFileReference; fileEncoding = 4; lastKnownFileType = sourcecode.cpp.cpp; path = CAVectorUnit.cpp; sourceTree = "<group>"; };
		82FE268F15DC41D800C22322 /* CAVectorUnit.h */ = {isa = PBXFileReference; fileEncoding = 4; lastKnownFileType = sourcecode.c.h; path = CAVectorUnit.h; sourceTree = "<group>"; };
		82FE269015DC41D800C22322 /* CAVectorUnitTypes.h */ = {isa = PBXFileReference; fileEncoding = 4; lastKnownFileType = sourcecode.c.h; path = CAVectorUnitTypes.h; sourceTree = "<group>"; };
		82FE269115DC41D800C22322 /* CAXException.cpp */ = {isa = PBXFileReference; fileEncoding = 4; lastKnownFileType = sourcecode.cpp.cpp; path = CAXException.cpp; sourceTree = "<group>"; };
		82FE269215DC41D800C22322 /* CAXException.h */ = {isa = PBXFileReference; fileEncoding = 4; lastKnownFileType = sourcecode.c.h; path = CAXException.h; sourceTree = "<group>"; };
		8B5C7FBF076FB2C200A15F61 /* CoreAudio.framework */ = {isa = PBXFileReference; lastKnownFileType = wrapper.framework; name = CoreAudio.framework; path = /System/Library/Frameworks/CoreAudio.framework; sourceTree = "<absolute>"; };
		8BA05A670720730100365D66 /* EQDemo.exp */ = {isa = PBXFileReference; fileEncoding = 30; lastKnownFileType = sourcecode.exports; path = EQDemo.exp; sourceTree = "<group>"; };
		8BA05AF9072074E100365D66 /* AudioToolbox.framework */ = {isa = PBXFileReference; lastKnownFileType = wrapper.framework; name = AudioToolbox.framework; path = /System/Library/Frameworks/AudioToolbox.framework; sourceTree = "<absolute>"; };
		8BA05AFA072074E100365D66 /* AudioUnit.framework */ = {isa = PBXFileReference; lastKnownFileType = wrapper.framework; name = AudioUnit.framework; path = /System/Library/Frameworks/AudioUnit.framework; sourceTree = "<absolute>"; };
		8BA05B01072074F900365D66 /* CoreServices.framework */ = {isa = PBXFileReference; lastKnownFileType = wrapper.framework; name = CoreServices.framework; path = /System/Library/Frameworks/CoreServices.framework; sourceTree = "<absolute>"; };
		8BC6025B073B072D006C4272 /* EQDemo.h */ = {isa = PBXFileReference; fileEncoding = 30; lastKnownFileType = sourcecode.c.h; path = EQDemo.h; sourceTree = "<group>"; };
		8D01CCD10486CAD60068D4B7 /* Info.plist */ = {isa = PBXFileReference; fileEncoding = 4; lastKnownFileType = text.plist; path = Info.plist; sourceTree = "<group>"; };
		8D01CCD20486CAD60068D4B7 /* EQDemo.component */ = {isa = PBXFileReference; explicitFileType = wrapper.cfbundle; includeInIndex = 0; path = EQDemo.component; sourceTree = BUILT_PRODUCTS_DIR; };
/* End PBXFileReference section */

/* Begin PBXFrameworksBuildPhase section */
		8D01CCCD0486CAD60068D4B7 /* Frameworks */ = {
			isa = PBXFrameworksBuildPhase;
			buildActionMask = 2147483647;
			files = (
				379784E41841263D008AED79 /* Accelerate.framework in Frameworks */,
				379784DA183EFA31008AED79 /* libFutureTechAudioStatic.a in Frameworks */,
				0AA44A2909D88B2500AE6679 /* CoreServices.framework in Frameworks */,
				0AA44A2E09D88B5E00AE6679 /* AudioToolbox.framework in Frameworks */,
				0AA44A2C09D88B4400AE6679 /* AudioUnit.framework in Frameworks */,
			);
			runOnlyForDeploymentPostprocessing = 0;
		};
/* End PBXFrameworksBuildPhase section */

/* Begin PBXGroup section */
		089C166AFE841209C02AAC07 /* TremoloUnit */ = {
			isa = PBXGroup;
			children = (
				379784E31841263D008AED79 /* Accelerate.framework */,
				379784D9183EFA31008AED79 /* libFutureTechAudioStatic.a */,
				08FB77ADFE841716C02AAC07 /* Source */,
				089C167CFE841241C02AAC07 /* Resources */,
				089C1671FE841209C02AAC07 /* External Frameworks and Libraries */,
				19C28FB4FE9D528D11CA2CBB /* Products */,
			);
			name = TremoloUnit;
			sourceTree = "<group>";
		};
		089C1671FE841209C02AAC07 /* External Frameworks and Libraries */ = {
			isa = PBXGroup;
			children = (
				8B5C7FBF076FB2C200A15F61 /* CoreAudio.framework */,
				8BA05B01072074F900365D66 /* CoreServices.framework */,
				8BA05AF9072074E100365D66 /* AudioToolbox.framework */,
				8BA05AFA072074E100365D66 /* AudioUnit.framework */,
			);
			name = "External Frameworks and Libraries";
			sourceTree = "<group>";
		};
		089C167CFE841241C02AAC07 /* Resources */ = {
			isa = PBXGroup;
			children = (
				8D01CCD10486CAD60068D4B7 /* Info.plist */,
				089C167DFE841241C02AAC07 /* InfoPlist.strings */,
			);
			name = Resources;
			sourceTree = "<group>";
		};
		08FB77ADFE841716C02AAC07 /* Source */ = {
			isa = PBXGroup;
			children = (
				8BA05A56072072A900365D66 /* AU Source */,
				82FE265915DC41D800C22322 /* AUPublic */,
				82FE267215DC41D800C22322 /* PublicUtility */,
				32BAE0B30371A71500C91783 /* EQDemo_Prefix.pch */,
			);
			name = Source;
			sourceTree = "<group>";
		};
		19C28FB4FE9D528D11CA2CBB /* Products */ = {
			isa = PBXGroup;
			children = (
				8D01CCD20486CAD60068D4B7 /* EQDemo.component */,
			);
			name = Products;
			sourceTree = "<group>";
		};
		82FE265915DC41D800C22322 /* AUPublic */ = {
			isa = PBXGroup;
			children = (
				82FE265A15DC41D800C22322 /* AUBase */,
				82FE266915DC41D800C22322 /* OtherBases */,
				82FE266C15DC41D800C22322 /* Utility */,
			);
			name = AUPublic;
			path = ../AUPublic;
			sourceTree = SOURCE_ROOT;
		};
		82FE265A15DC41D800C22322 /* AUBase */ = {
			isa = PBXGroup;
			children = (
				82FE265B15DC41D800C22322 /* AUBase.cpp */,
				82FE265C15DC41D800C22322 /* AUBase.h */,
				82FE265D15DC41D800C22322 /* AUDispatch.cpp */,
				82FE265E15DC41D800C22322 /* AUDispatch.h */,
				82FE265F15DC41D800C22322 /* AUInputElement.cpp */,
				82FE266015DC41D800C22322 /* AUInputElement.h */,
				82FE266115DC41D800C22322 /* AUOutputElement.cpp */,
				82FE266215DC41D800C22322 /* AUOutputElement.h */,
				82FE266315DC41D800C22322 /* AUPlugInDispatch.cpp */,
				82FE266415DC41D800C22322 /* AUPlugInDispatch.h */,
				82FE266515DC41D800C22322 /* AUScopeElement.cpp */,
				82FE266615DC41D800C22322 /* AUScopeElement.h */,
				82FE266715DC41D800C22322 /* ComponentBase.cpp */,
				82FE266815DC41D800C22322 /* ComponentBase.h */,
			);
			path = AUBase;
			sourceTree = "<group>";
		};
		82FE266915DC41D800C22322 /* OtherBases */ = {
			isa = PBXGroup;
			children = (
				82FE266A15DC41D800C22322 /* AUEffectBase.cpp */,
				82FE266B15DC41D800C22322 /* AUEffectBase.h */,
			);
			path = OtherBases;
			sourceTree = "<group>";
		};
		82FE266C15DC41D800C22322 /* Utility */ = {
			isa = PBXGroup;
			children = (
				82FE266D15DC41D800C22322 /* AUBaseHelper.cpp */,
				82FE266E15DC41D800C22322 /* AUBaseHelper.h */,
				82FE266F15DC41D800C22322 /* AUBuffer.cpp */,
				82FE267015DC41D800C22322 /* AUBuffer.h */,
				82FE267115DC41D800C22322 /* AUSilentTimeout.h */,
			);
			path = Utility;
			sourceTree = "<group>";
		};
		82FE267215DC41D800C22322 /* PublicUtility */ = {
			isa = PBXGroup;
			children = (
				82FE267315DC41D800C22322 /* CAAtomic.h */,
				82FE267415DC41D800C22322 /* CAAtomicStack.h */,
				82FE267515DC41D800C22322 /* CAAudioChannelLayout.cpp */,
				82FE267615DC41D800C22322 /* CAAudioChannelLayout.h */,
				82FE267715DC41D800C22322 /* CAAutoDisposer.h */,
				82FE267815DC41D800C22322 /* CABufferList.cpp */,
				82FE267915DC41D800C22322 /* CABufferList.h */,
				82FE267A15DC41D800C22322 /* CAByteOrder.h */,
				82FE267B15DC41D800C22322 /* CADebugger.cpp */,
				82FE267C15DC41D800C22322 /* CADebugger.h */,
				82FE267D15DC41D800C22322 /* CADebugMacros.cpp */,
				82FE267E15DC41D800C22322 /* CADebugMacros.h */,
				82FE267F15DC41D800C22322 /* CADebugPrintf.cpp */,
				82FE268015DC41D800C22322 /* CADebugPrintf.h */,
				82FE268115DC41D800C22322 /* CAException.h */,
				82FE268215DC41D800C22322 /* CAGuard.cpp */,
				82FE268315DC41D800C22322 /* CAGuard.h */,
				82FE268415DC41D800C22322 /* CAHostTimeBase.cpp */,
				82FE268515DC41D800C22322 /* CAHostTimeBase.h */,
				82FE268615DC41D800C22322 /* CALogMacros.h */,
				82FE268715DC41D800C22322 /* CAMath.h */,
				82FE268815DC41D800C22322 /* CAMutex.cpp */,
				82FE268915DC41D800C22322 /* CAMutex.h */,
				82FE268A15DC41D800C22322 /* CAReferenceCounted.h */,
				82FE268B15DC41D800C22322 /* CAStreamBasicDescription.cpp */,
				82FE268C15DC41D800C22322 /* CAStreamBasicDescription.h */,
				82FE268D15DC41D800C22322 /* CAThreadSafeList.h */,
				82FE268E15DC41D800C22322 /* CAVectorUnit.cpp */,
				82FE268F15DC41D800C22322 /* CAVectorUnit.h */,
				82FE269015DC41D800C22322 /* CAVectorUnitTypes.h */,
				82FE269115DC41D800C22322 /* CAXException.cpp */,
				82FE269215DC41D800C22322 /* CAXException.h */,
			);
			name = PublicUtility;
			path = ../PublicUtility;
			sourceTree = SOURCE_ROOT;
		};
		8BA05A56072072A900365D66 /* AU Source */ = {
			isa = PBXGroup;
			children = (
				37678DF8183C4DA10049E87F /* EQDemoVersion.h */,
				8BA05A670720730100365D66 /* EQDemo.exp */,
				8BC6025B073B072D006C4272 /* EQDemo.h */,
				0AA44B9B09D8D67C00AE6679 /* EQDemo.cpp */,
			);
			name = "AU Source";
			sourceTree = "<group>";
		};
/* End PBXGroup section */

/* Begin PBXHeadersBuildPhase section */
		8D01CCC70486CAD60068D4B7 /* Headers */ = {
			isa = PBXHeadersBuildPhase;
			buildActionMask = 2147483647;
			files = (
				8D01CCC80486CAD60068D4B7 /* EQDemo_Prefix.pch in Headers */,
				8BC6025C073B072D006C4272 /* EQDemo.h in Headers */,
				37678DF9183C4DA10049E87F /* EQDemoVersion.h in Headers */,
				82FE269415DC41D800C22322 /* AUBase.h in Headers */,
				82FE269815DC41D800C22322 /* AUInputElement.h in Headers */,
				82FE269A15DC41D800C22322 /* AUOutputElement.h in Headers */,
				82FE269C15DC41D800C22322 /* AUPlugInDispatch.h in Headers */,
				82FE269E15DC41D800C22322 /* AUScopeElement.h in Headers */,
				82FE26A015DC41D800C22322 /* ComponentBase.h in Headers */,
				82FE26A215DC41D800C22322 /* AUEffectBase.h in Headers */,
				82FE26A415DC41D900C22322 /* AUBaseHelper.h in Headers */,
				82FE26A615DC41D900C22322 /* AUBuffer.h in Headers */,
				82FE26A715DC41D900C22322 /* AUSilentTimeout.h in Headers */,
				82FE26A815DC41D900C22322 /* CAAtomic.h in Headers */,
				82FE26A915DC41D900C22322 /* CAAtomicStack.h in Headers */,
				82FE26AB15DC41D900C22322 /* CAAudioChannelLayout.h in Headers */,
				82FE26AC15DC41D900C22322 /* CAAutoDisposer.h in Headers */,
				82FE26AE15DC41D900C22322 /* CABufferList.h in Headers */,
				82FE26AF15DC41D900C22322 /* CAByteOrder.h in Headers */,
				82FE26B115DC41D900C22322 /* CADebugger.h in Headers */,
				82FE26B315DC41D900C22322 /* CADebugMacros.h in Headers */,
				82FE26B515DC41D900C22322 /* CADebugPrintf.h in Headers */,
				82FE26B615DC41D900C22322 /* CAException.h in Headers */,
				82FE26B815DC41D900C22322 /* CAGuard.h in Headers */,
				82FE26BA15DC41D900C22322 /* CAHostTimeBase.h in Headers */,
				82FE26BB15DC41D900C22322 /* CALogMacros.h in Headers */,
				82FE26BC15DC41D900C22322 /* CAMath.h in Headers */,
				82FE26BE15DC41D900C22322 /* CAMutex.h in Headers */,
				82FE26BF15DC41D900C22322 /* CAReferenceCounted.h in Headers */,
				82FE26C115DC41D900C22322 /* CAStreamBasicDescription.h in Headers */,
				82FE26C215DC41D900C22322 /* CAThreadSafeList.h in Headers */,
				82FE26C415DC41D900C22322 /* CAVectorUnit.h in Headers */,
				82FE26C515DC41D900C22322 /* CAVectorUnitTypes.h in Headers */,
				82FE26C715DC41D900C22322 /* CAXException.h in Headers */,
			);
			runOnlyForDeploymentPostprocessing = 0;
		};
/* End PBXHeadersBuildPhase section */

/* Begin PBXNativeTarget section */
		8D01CCC60486CAD60068D4B7 /* EQDemo */ = {
			isa = PBXNativeTarget;
			buildConfigurationList = 3E4BA243089833B7007656EC /* Build configuration list for PBXNativeTarget "EQDemo" */;
			buildPhases = (
				8D01CCC70486CAD60068D4B7 /* Headers */,
				8D01CCC90486CAD60068D4B7 /* Resources */,
				8D01CCCB0486CAD60068D4B7 /* Sources */,
				8D01CCCD0486CAD60068D4B7 /* Frameworks */,
				8D01CCCF0486CAD60068D4B7 /* Rez */,
				37678F80183C67E80049E87F /* Copy Files */,
			);
			buildRules = (
			);
			dependencies = (
			);
			name = EQDemo;
			productInstallPath = "$(HOME)/Library/Bundles";
			productName = TremoloUnit;
			productReference = 8D01CCD20486CAD60068D4B7 /* EQDemo.component */;
			productType = "com.apple.product-type.bundle";
		};
/* End PBXNativeTarget section */

/* Begin PBXProject section */
		089C1669FE841209C02AAC07 /* Project object */ = {
			isa = PBXProject;
			attributes = {
				LastUpgradeCheck = 0500;
			};
			buildConfigurationList = 3E4BA247089833B7007656EC /* Build configuration list for PBXProject "EQDemo" */;
			compatibilityVersion = "Xcode 3.2";
			developmentRegion = English;
			hasScannedForEncodings = 1;
			knownRegions = (
				en,
			);
			mainGroup = 089C166AFE841209C02AAC07 /* TremoloUnit */;
			projectDirPath = "";
			projectRoot = "";
			targets = (
				8D01CCC60486CAD60068D4B7 /* EQDemo */,
			);
		};
/* End PBXProject section */

/* Begin PBXResourcesBuildPhase section */
		8D01CCC90486CAD60068D4B7 /* Resources */ = {
			isa = PBXResourcesBuildPhase;
			buildActionMask = 2147483647;
			files = (
				8D01CCCA0486CAD60068D4B7 /* InfoPlist.strings in Resources */,
			);
			runOnlyForDeploymentPostprocessing = 0;
		};
/* End PBXResourcesBuildPhase section */

/* Begin PBXRezBuildPhase section */
		8D01CCCF0486CAD60068D4B7 /* Rez */ = {
			isa = PBXRezBuildPhase;
			buildActionMask = 2147483647;
			files = (
			);
			runOnlyForDeploymentPostprocessing = 0;
		};
/* End PBXRezBuildPhase section */

/* Begin PBXSourcesBuildPhase section */
		8D01CCCB0486CAD60068D4B7 /* Sources */ = {
			isa = PBXSourcesBuildPhase;
			buildActionMask = 2147483647;
			files = (
				0AA44B9C09D8D67C00AE6679 /* EQDemo.cpp in Sources */,
				82FE269315DC41D800C22322 /* AUBase.cpp in Sources */,
				82FE269715DC41D800C22322 /* AUInputElement.cpp in Sources */,
				82FE269915DC41D800C22322 /* AUOutputElement.cpp in Sources */,
				82FE269B15DC41D800C22322 /* AUPlugInDispatch.cpp in Sources */,
				82FE269D15DC41D800C22322 /* AUScopeElement.cpp in Sources */,
				82FE269F15DC41D800C22322 /* ComponentBase.cpp in Sources */,
				82FE26A115DC41D800C22322 /* AUEffectBase.cpp in Sources */,
				82FE26A315DC41D900C22322 /* AUBaseHelper.cpp in Sources */,
				82FE26A515DC41D900C22322 /* AUBuffer.cpp in Sources */,
				82FE26AA15DC41D900C22322 /* CAAudioChannelLayout.cpp in Sources */,
				82FE26AD15DC41D900C22322 /* CABufferList.cpp in Sources */,
				82FE26B015DC41D900C22322 /* CADebugger.cpp in Sources */,
				82FE26B215DC41D900C22322 /* CADebugMacros.cpp in Sources */,
				82FE26B415DC41D900C22322 /* CADebugPrintf.cpp in Sources */,
				82FE26B715DC41D900C22322 /* CAGuard.cpp in Sources */,
				82FE26B915DC41D900C22322 /* CAHostTimeBase.cpp in Sources */,
				82FE26BD15DC41D900C22322 /* CAMutex.cpp in Sources */,
				82FE26C015DC41D900C22322 /* CAStreamBasicDescription.cpp in Sources */,
				82FE26C315DC41D900C22322 /* CAVectorUnit.cpp in Sources */,
				82FE26C615DC41D900C22322 /* CAXException.cpp in Sources */,
			);
			runOnlyForDeploymentPostprocessing = 0;
		};
/* End PBXSourcesBuildPhase section */

/* Begin PBXVariantGroup section */
		089C167DFE841241C02AAC07 /* InfoPlist.strings */ = {
			isa = PBXVariantGroup;
			children = (
				089C167EFE841241C02AAC07 /* English */,
			);
			name = InfoPlist.strings;
			sourceTree = "<group>";
		};
/* End PBXVariantGroup section */

/* Begin XCBuildConfiguration section */
		3E4BA244089833B7007656EC /* Development */ = {
			isa = XCBuildConfiguration;
			buildSettings = {
				ARCHS = "$(ARCHS_STANDARD_32_64_BIT)";
				COMBINE_HIDPI_IMAGES = YES;
				COPY_PHASE_STRIP = NO;
				DEBUGGING_SYMBOLS = YES;
				DEPLOYMENT_LOCATION = NO;
				EXPORTED_SYMBOLS_FILE = EQDemo.exp;
				FRAMEWORK_SEARCH_PATHS = "$(USER_LIBRARY_DIR)/Developer/Xcode/DerivedData/FutureTechAudio-afjfzryzrpxyoncijjmohkloyzbv/Build/Products/Debug";
				GCC_DYNAMIC_NO_PIC = NO;
				GCC_ENABLE_TRIGRAPHS = NO;
				GCC_GENERATE_DEBUGGING_SYMBOLS = YES;
				GCC_OPTIMIZATION_LEVEL = 0;
				GCC_PRECOMPILE_PREFIX_HEADER = YES;
				GCC_PREFIX_HEADER = EQDemo_Prefix.pch;
				GCC_PREPROCESSOR_DEFINITIONS = "CA_USE_AUDIO_PLUGIN_ONLY=1";
				GCC_WARN_ABOUT_MISSING_PROTOTYPES = NO;
				GCC_WARN_FOUR_CHARACTER_CONSTANTS = NO;
				GCC_WARN_UNKNOWN_PRAGMAS = NO;
				GENERATE_PKGINFO_FILE = NO;
				HEADER_SEARCH_PATHS = "../../../Library/include/**";
				INFOPLIST_FILE = Info.plist;
				INSTALL_PATH = "$(USER_LIBRARY_DIR)/Audio/Plug-Ins/Components/";
				LIBRARY_SEARCH_PATHS = (
					"$(USER_LIBRARY_DIR)/Developer/Xcode/DerivedData/FutureTechAudio-afjfzryzrpxyoncijjmohkloyzbv/Build/Products/Debug",
					"$(USER_LIBRARY_DIR)/Developer/Xcode/DerivedData/FutureTechAudio-afjfzryzrpxyoncijjmohkloyzbv/Build/Products/Release",
					"~",
				);
				LIBRARY_STYLE = Bundle;
				OPTIMIZATION_CFLAGS = "-O0";
				OTHER_CFLAGS = "";
				OTHER_LDFLAGS = "-bundle";
				OTHER_REZFLAGS = "-d ppc_$ppc -d i386_$i386 -I /System/Library/Frameworks/CoreServices.framework/Frameworks/CarbonCore.framework/Versions/A/Headers -I /Developer/Examples/CoreAudio/AudioUnits/AUPublic/AUBase";
				PRODUCT_NAME = EQDemo;
				REZ_SEARCH_PATHS = (
					/System/Library/Frameworks/CoreServices.framework/Versions/CarbonCore.framework/Versions/A/Headers,
					/Developer/Examples/CoreAudio/AudioUnits/AUPublic/AUBase,
				);
				SECTORDER_FLAGS = "";
				WARNING_CFLAGS = (
					"-Wmost",
					"-Wno-four-char-constants",
					"-Wno-unknown-pragmas",
				);
				WRAPPER_EXTENSION = component;
				ZERO_LINK = YES;
			};
			name = Development;
		};
		3E4BA245089833B7007656EC /* Deployment */ = {
			isa = XCBuildConfiguration;
			buildSettings = {
				ARCHS = "$(ARCHS_STANDARD_32_64_BIT)";
				COMBINE_HIDPI_IMAGES = YES;
				COPY_PHASE_STRIP = YES;
				DEPLOYMENT_LOCATION = YES;
				DEPLOYMENT_POSTPROCESSING = YES;
				EXPORTED_SYMBOLS_FILE = EQDemo.exp;
				FRAMEWORK_SEARCH_PATHS = "$(USER_LIBRARY_DIR)/Developer/Xcode/DerivedData/FutureTechAudio-afjfzryzrpxyoncijjmohkloyzbv/Build/Products/Debug";
				GCC_ENABLE_TRIGRAPHS = NO;
				GCC_GENERATE_DEBUGGING_SYMBOLS = NO;
				GCC_PRECOMPILE_PREFIX_HEADER = YES;
				GCC_PREFIX_HEADER = EQDemo_Prefix.pch;
				GCC_PREPROCESSOR_DEFINITIONS = "CA_USE_AUDIO_PLUGIN_ONLY=1";
				GCC_WARN_ABOUT_MISSING_PROTOTYPES = NO;
				GCC_WARN_FOUR_CHARACTER_CONSTANTS = NO;
				GCC_WARN_UNKNOWN_PRAGMAS = NO;
				GENERATE_PKGINFO_FILE = NO;
				HEADER_SEARCH_PATHS = "../../../Library/include/**";
				INFOPLIST_FILE = Info.plist;
				INSTALL_PATH = "$(USER_LIBRARY_DIR)/Audio/Plug-Ins/Components/";
				LIBRARY_SEARCH_PATHS = (
					"$(USER_LIBRARY_DIR)/Developer/Xcode/DerivedData/FutureTechAudio-afjfzryzrpxyoncijjmohkloyzbv/Build/Products/Debug",
					"$(USER_LIBRARY_DIR)/Developer/Xcode/DerivedData/FutureTechAudio-afjfzryzrpxyoncijjmohkloyzbv/Build/Products/Release",
					"~",
				);
				LIBRARY_STYLE = Bundle;
				OTHER_CFLAGS = "";
				OTHER_LDFLAGS = "-bundle";
				OTHER_REZFLAGS = "-d ppc_$ppc -d i386_$i386 -I /System/Library/Frameworks/CoreServices.framework/Frameworks/CarbonCore.framework/Versions/A/Headers -I /Developer/Examples/CoreAudio/AudioUnits/AUPublic/AUBase";
				PRODUCT_NAME = EQDemo;
				REZ_SEARCH_PATHS = (
					/System/Library/Frameworks/CoreServices.framework/Versions/CarbonCore.framework/Versions/A/Headers,
					/Developer/Examples/CoreAudio/AudioUnits/AUPublic/AUBase,
				);
				SECTORDER_FLAGS = "";
				WARNING_CFLAGS = (
					"-Wmost",
					"-Wno-four-char-constants",
					"-Wno-unknown-pragmas",
				);
				WRAPPER_EXTENSION = component;
				ZERO_LINK = YES;
			};
			name = Deployment;
		};
		3E4BA248089833B7007656EC /* Development */ = {
			isa = XCBuildConfiguration;
			buildSettings = {
				EXPORTED_SYMBOLS_FILE = TremoloUnit.exp;
				MACOSX_DEPLOYMENT_TARGET = 10.9;
				OTHER_REZFLAGS = "-d ppc_$ppc -d i386_$i386";
				SDKROOT = macosx;
			};
			name = Development;
		};
		3E4BA249089833B7007656EC /* Deployment */ = {
			isa = XCBuildConfiguration;
			buildSettings = {
				EXPORTED_SYMBOLS_FILE = TremoloUnit.exp;
				MACOSX_DEPLOYMENT_TARGET = 10.9;
				OTHER_REZFLAGS = "-d ppc_$ppc -d i386_$i386";
				SDKROOT = macosx;
			};
			name = Deployment;
		};
/* End XCBuildConfiguration section */

/* Begin XCConfigurationList section */
		3E4BA243089833B7007656EC /* Build configuration list for PBXNativeTarget "EQDemo" */ = {
			isa = XCConfigurationList;
			buildConfigurations = (
				3E4BA244089833B7007656EC /* Development */,
				3E4BA245089833B7007656EC /* Deployment */,
			);
			defaultConfigurationIsVisible = 0;
			defaultConfigurationName = Development;
		};
		3E4BA247089833B7007656EC /* Build configuration list for PBXProject "EQDemo" */ = {
			isa = XCConfigurationList;
			buildConfigurations = (
				3E4BA248089833B7007656EC /* Development */,
				3E4BA249089833B7007656EC /* Deployment */,
			);
			defaultConfigurationIsVisible = 0;
			defaultConfigurationName = Development;
		};
/* End XCConfigurationList section */
	};
	rootObject = 089C1669FE841209C02AAC07 /* Project object */;
}
