// !$*UTF8*$!
{
	archiveVersion = 1;
	classes = {
	};
	objectVersion = 46;
	objects = {

/* Begin PBXBuildFile section */
		373809FB1746C9FF00E35D9C /* FtAudioWavetableGenerator.c in Sources */ = {isa = PBXBuildFile; fileRef = 373809FA1746C9FF00E35D9C /* FtAudioWavetableGenerator.c */; };
		374683ED173DF95F0087752A /* FtAudioLadderFilter.c in Sources */ = {isa = PBXBuildFile; fileRef = 374683EC173DF95F0087752A /* FtAudioLadderFilter.c */; };
		3781CA52172DBB290092417C /* signals.c in Sources */ = {isa = PBXBuildFile; fileRef = 3781CA51172DBB290092417C /* signals.c */; };
		3781CA55172DBB890092417C /* coefficients.c in Sources */ = {isa = PBXBuildFile; fileRef = 3781CA54172DBB890092417C /* coefficients.c */; };
		3781CA5A172DBD570092417C /* testFIR.c in Sources */ = {isa = PBXBuildFile; fileRef = 3781CA59172DBD570092417C /* testFIR.c */; };
		378C59B2173C984C0037EC17 /* FtAudioDsp.c in Sources */ = {isa = PBXBuildFile; fileRef = 378C59B1173C984C0037EC17 /* FtAudioDsp.c */; };
		37A1F494172D8A9200A2FDBE /* FtAudioBiquadFilter.c in Sources */ = {isa = PBXBuildFile; fileRef = 37A1F48B172D8A9200A2FDBE /* FtAudioBiquadFilter.c */; };
		37A1F495172D8A9200A2FDBE /* FtAudioCircularBuffer.c in Sources */ = {isa = PBXBuildFile; fileRef = 37A1F48C172D8A9200A2FDBE /* FtAudioCircularBuffer.c */; };
		37A1F496172D8A9200A2FDBE /* FtAudioFIRFilter.c in Sources */ = {isa = PBXBuildFile; fileRef = 37A1F48D172D8A9200A2FDBE /* FtAudioFIRFilter.c */; };
		37A1F498172D8A9200A2FDBE /* FtAudioRBJFilter.c in Sources */ = {isa = PBXBuildFile; fileRef = 37A1F48F172D8A9200A2FDBE /* FtAudioRBJFilter.c */; };
		37A1F499172D8A9200A2FDBE /* FtAudioUpsampler.c in Sources */ = {isa = PBXBuildFile; fileRef = 37A1F490172D8A9200A2FDBE /* FtAudioUpsampler.c */; };
		37A1F49A172D8A9200A2FDBE /* FtAudioUtilities.c in Sources */ = {isa = PBXBuildFile; fileRef = 37A1F491172D8A9200A2FDBE /* FtAudioUtilities.c */; };
		37A1F49B172D8A9200A2FDBE /* FtAudioWaveshaper.c in Sources */ = {isa = PBXBuildFile; fileRef = 37A1F492172D8A9200A2FDBE /* FtAudioWaveshaper.c */; };
		37A1F49C172D8A9200A2FDBE /* FtAudioWindowFunction.c in Sources */ = {isa = PBXBuildFile; fileRef = 37A1F493172D8A9200A2FDBE /* FtAudioWindowFunction.c */; };
		37A1F50A172D905700A2FDBE /* Accelerate.framework in Frameworks */ = {isa = PBXBuildFile; fileRef = 37A1F509172D905700A2FDBE /* Accelerate.framework */; };
		37AC1BC01730C07800BF8388 /* test.c in Sources */ = {isa = PBXBuildFile; fileRef = 37AC1BBE1730C07800BF8388 /* test.c */; };
		37CD1B1917430B3D00EFDCCC /* testBiquad.c in Sources */ = {isa = PBXBuildFile; fileRef = 37CD1B1817430B3D00EFDCCC /* testBiquad.c */; };
		37CD1B1C174321FD00EFDCCC /* testWindow.c in Sources */ = {isa = PBXBuildFile; fileRef = 37CD1B1B174321FD00EFDCCC /* testWindow.c */; };
		8DD76FAC0486AB0100D96B5E /* main.c in Sources */ = {isa = PBXBuildFile; fileRef = 08FB7796FE84155DC02AAC07 /* main.c */; settings = {ATTRIBUTES = (); }; };
		8DD76FB00486AB0100D96B5E /* Test.1 in CopyFiles */ = {isa = PBXBuildFile; fileRef = C6A0FF2C0290799A04C91782 /* Test.1 */; };
/* End PBXBuildFile section */

/* Begin PBXCopyFilesBuildPhase section */
		8DD76FAF0486AB0100D96B5E /* CopyFiles */ = {
			isa = PBXCopyFilesBuildPhase;
			buildActionMask = 8;
			dstPath = /usr/share/man/man1/;
			dstSubfolderSpec = 0;
			files = (
				8DD76FB00486AB0100D96B5E /* Test.1 in CopyFiles */,
			);
			runOnlyForDeploymentPostprocessing = 1;
		};
/* End PBXCopyFilesBuildPhase section */

/* Begin PBXFileReference section */
		08FB7796FE84155DC02AAC07 /* main.c */ = {isa = PBXFileReference; fileEncoding = 4; lastKnownFileType = sourcecode.c.c; path = main.c; sourceTree = "<group>"; };
		373809F91746C99600E35D9C /* FtAudioWavetableGenerator.h */ = {isa = PBXFileReference; lastKnownFileType = sourcecode.c.h; name = FtAudioWavetableGenerator.h; path = ../Test/FtAudioWavetableGenerator.h; sourceTree = "<group>"; };
		373809FA1746C9FF00E35D9C /* FtAudioWavetableGenerator.c */ = {isa = PBXFileReference; fileEncoding = 4; lastKnownFileType = sourcecode.c.c; path = FtAudioWavetableGenerator.c; sourceTree = "<group>"; };
		373809FC1746CA5A00E35D9C /* FtAudioMidiUtils.h */ = {isa = PBXFileReference; fileEncoding = 4; lastKnownFileType = sourcecode.c.h; path = FtAudioMidiUtils.h; sourceTree = "<group>"; };
		374683EC173DF95F0087752A /* FtAudioLadderFilter.c */ = {isa = PBXFileReference; fileEncoding = 4; lastKnownFileType = sourcecode.c.c; path = FtAudioLadderFilter.c; sourceTree = "<group>"; };
		3781CA50172DBB290092417C /* signals.h */ = {isa = PBXFileReference; fileEncoding = 4; lastKnownFileType = sourcecode.c.h; path = signals.h; sourceTree = "<group>"; };
		3781CA51172DBB290092417C /* signals.c */ = {isa = PBXFileReference; fileEncoding = 4; lastKnownFileType = sourcecode.c.c; path = signals.c; sourceTree = "<group>"; };
		3781CA53172DBB890092417C /* coefficients.h */ = {isa = PBXFileReference; fileEncoding = 4; lastKnownFileType = sourcecode.c.h; path = coefficients.h; sourceTree = "<group>"; };
		3781CA54172DBB890092417C /* coefficients.c */ = {isa = PBXFileReference; fileEncoding = 4; lastKnownFileType = sourcecode.c.c; path = coefficients.c; sourceTree = "<group>"; };
		3781CA58172DBD570092417C /* testFIR.h */ = {isa = PBXFileReference; fileEncoding = 4; lastKnownFileType = sourcecode.c.h; path = testFIR.h; sourceTree = "<group>"; };
		3781CA59172DBD570092417C /* testFIR.c */ = {isa = PBXFileReference; fileEncoding = 4; lastKnownFileType = sourcecode.c.c; path = testFIR.c; sourceTree = "<group>"; };
		378C59B1173C984C0037EC17 /* FtAudioDsp.c */ = {isa = PBXFileReference; fileEncoding = 4; lastKnownFileType = sourcecode.c.c; path = FtAudioDsp.c; sourceTree = "<group>"; };
		37A1F48B172D8A9200A2FDBE /* FtAudioBiquadFilter.c */ = {isa = PBXFileReference; fileEncoding = 4; lastKnownFileType = sourcecode.c.c; path = FtAudioBiquadFilter.c; sourceTree = "<group>"; };
		37A1F48C172D8A9200A2FDBE /* FtAudioCircularBuffer.c */ = {isa = PBXFileReference; fileEncoding = 4; lastKnownFileType = sourcecode.c.c; path = FtAudioCircularBuffer.c; sourceTree = "<group>"; };
		37A1F48D172D8A9200A2FDBE /* FtAudioFIRFilter.c */ = {isa = PBXFileReference; fileEncoding = 4; lastKnownFileType = sourcecode.c.c; path = FtAudioFIRFilter.c; sourceTree = "<group>"; };
		37A1F48F172D8A9200A2FDBE /* FtAudioRBJFilter.c */ = {isa = PBXFileReference; fileEncoding = 4; lastKnownFileType = sourcecode.c.c; path = FtAudioRBJFilter.c; sourceTree = "<group>"; };
		37A1F490172D8A9200A2FDBE /* FtAudioUpsampler.c */ = {isa = PBXFileReference; fileEncoding = 4; lastKnownFileType = sourcecode.c.c; path = FtAudioUpsampler.c; sourceTree = "<group>"; };
		37A1F491172D8A9200A2FDBE /* FtAudioUtilities.c */ = {isa = PBXFileReference; fileEncoding = 4; lastKnownFileType = sourcecode.c.c; path = FtAudioUtilities.c; sourceTree = "<group>"; };
		37A1F492172D8A9200A2FDBE /* FtAudioWaveshaper.c */ = {isa = PBXFileReference; fileEncoding = 4; lastKnownFileType = sourcecode.c.c; path = FtAudioWaveshaper.c; sourceTree = "<group>"; };
		37A1F493172D8A9200A2FDBE /* FtAudioWindowFunction.c */ = {isa = PBXFileReference; fileEncoding = 4; lastKnownFileType = sourcecode.c.c; path = FtAudioWindowFunction.c; sourceTree = "<group>"; };
		37A1F509172D905700A2FDBE /* Accelerate.framework */ = {isa = PBXFileReference; lastKnownFileType = wrapper.framework; name = Accelerate.framework; path = System/Library/Frameworks/Accelerate.framework; sourceTree = SDKROOT; };
		37AC1BBE1730C07800BF8388 /* test.c */ = {isa = PBXFileReference; fileEncoding = 4; lastKnownFileType = sourcecode.c.c; path = test.c; sourceTree = "<group>"; };
		37AC1BBF1730C07800BF8388 /* test.h */ = {isa = PBXFileReference; fileEncoding = 4; lastKnownFileType = sourcecode.c.h; path = test.h; sourceTree = "<group>"; };
		37B3F045173FF743007FB721 /* FtAudioBiquadFilter.h */ = {isa = PBXFileReference; fileEncoding = 4; lastKnownFileType = sourcecode.c.h; path = FtAudioBiquadFilter.h; sourceTree = "<group>"; };
		37B3F046173FF743007FB721 /* FtAudioCircularBuffer.h */ = {isa = PBXFileReference; fileEncoding = 4; lastKnownFileType = sourcecode.c.h; path = FtAudioCircularBuffer.h; sourceTree = "<group>"; };
		37B3F047173FF743007FB721 /* FtAudioDsp.h */ = {isa = PBXFileReference; fileEncoding = 4; lastKnownFileType = sourcecode.c.h; path = FtAudioDsp.h; sourceTree = "<group>"; };
		37B3F048173FF743007FB721 /* FtAudioError.h */ = {isa = PBXFileReference; fileEncoding = 4; lastKnownFileType = sourcecode.c.h; path = FtAudioError.h; sourceTree = "<group>"; };
		37B3F049173FF743007FB721 /* FtAudioFIRFilter.h */ = {isa = PBXFileReference; fileEncoding = 4; lastKnownFileType = sourcecode.c.h; path = FtAudioFIRFilter.h; sourceTree = "<group>"; };
		37B3F04A173FF743007FB721 /* FtAudioLadderFilter.h */ = {isa = PBXFileReference; fileEncoding = 4; lastKnownFileType = sourcecode.c.h; path = FtAudioLadderFilter.h; sourceTree = "<group>"; };
		37B3F04B173FF743007FB721 /* FtAudioPolyphaseCoeffs.h */ = {isa = PBXFileReference; fileEncoding = 4; lastKnownFileType = sourcecode.c.h; path = FtAudioPolyphaseCoeffs.h; sourceTree = "<group>"; };
		37B3F04C173FF743007FB721 /* FtAudioRBJFilter.h */ = {isa = PBXFileReference; fileEncoding = 4; lastKnownFileType = sourcecode.c.h; path = FtAudioRBJFilter.h; sourceTree = "<group>"; };
		37B3F04D173FF743007FB721 /* FtAudioUpsampler.h */ = {isa = PBXFileReference; fileEncoding = 4; lastKnownFileType = sourcecode.c.h; path = FtAudioUpsampler.h; sourceTree = "<group>"; };
		37B3F04E173FF743007FB721 /* FtAudioUtilities.h */ = {isa = PBXFileReference; fileEncoding = 4; lastKnownFileType = sourcecode.c.h; path = FtAudioUtilities.h; sourceTree = "<group>"; };
		37B3F04F173FF743007FB721 /* FtAudioWaveshaper.h */ = {isa = PBXFileReference; fileEncoding = 4; lastKnownFileType = sourcecode.c.h; path = FtAudioWaveshaper.h; sourceTree = "<group>"; };
		37B3F050173FF743007FB721 /* FtAudioWindowFunction.h */ = {isa = PBXFileReference; fileEncoding = 4; lastKnownFileType = sourcecode.c.h; path = FtAudioWindowFunction.h; sourceTree = "<group>"; };
		37CD1B1817430B3D00EFDCCC /* testBiquad.c */ = {isa = PBXFileReference; fileEncoding = 4; lastKnownFileType = sourcecode.c.c; path = testBiquad.c; sourceTree = "<group>"; };
		37CD1B1A17430B5B00EFDCCC /* testBiquad.h */ = {isa = PBXFileReference; lastKnownFileType = sourcecode.c.h; path = testBiquad.h; sourceTree = "<group>"; };
		37CD1B1B174321FD00EFDCCC /* testWindow.c */ = {isa = PBXFileReference; fileEncoding = 4; lastKnownFileType = sourcecode.c.c; path = testWindow.c; sourceTree = "<group>"; };
		37CD1B1D1743221300EFDCCC /* testWindow.h */ = {isa = PBXFileReference; lastKnownFileType = sourcecode.c.h; path = testWindow.h; sourceTree = "<group>"; };
		8DD76FB20486AB0100D96B5E /* Test */ = {isa = PBXFileReference; explicitFileType = "compiled.mach-o.executable"; includeInIndex = 0; path = Test; sourceTree = BUILT_PRODUCTS_DIR; };
		C6A0FF2C0290799A04C91782 /* Test.1 */ = {isa = PBXFileReference; lastKnownFileType = text.man; path = Test.1; sourceTree = "<group>"; };
/* End PBXFileReference section */

/* Begin PBXFrameworksBuildPhase section */
		8DD76FAD0486AB0100D96B5E /* Frameworks */ = {
			isa = PBXFrameworksBuildPhase;
			buildActionMask = 2147483647;
			files = (
				37A1F50A172D905700A2FDBE /* Accelerate.framework in Frameworks */,
			);
			runOnlyForDeploymentPostprocessing = 0;
		};
/* End PBXFrameworksBuildPhase section */

/* Begin PBXGroup section */
		08FB7794FE84155DC02AAC07 /* Test */ = {
			isa = PBXGroup;
			children = (
				08FB7795FE84155DC02AAC07 /* Source */,
				C6A0FF2B0290797F04C91782 /* Documentation */,
				1AB674ADFE9D54B511CA2CBB /* Products */,
				37A1F509172D905700A2FDBE /* Accelerate.framework */,
			);
			name = Test;
			sourceTree = "<group>";
		};
		08FB7795FE84155DC02AAC07 /* Source */ = {
			isa = PBXGroup;
			children = (
				37AC1BBE1730C07800BF8388 /* test.c */,
				37AC1BBF1730C07800BF8388 /* test.h */,
				37B3F044173FF743007FB721 /* include */,
				37A1F48A172D8A9200A2FDBE /* src */,
				08FB7796FE84155DC02AAC07 /* main.c */,
				3781CA50172DBB290092417C /* signals.h */,
				3781CA51172DBB290092417C /* signals.c */,
				3781CA53172DBB890092417C /* coefficients.h */,
				3781CA54172DBB890092417C /* coefficients.c */,
				3781CA58172DBD570092417C /* testFIR.h */,
				3781CA59172DBD570092417C /* testFIR.c */,
				37CD1B1817430B3D00EFDCCC /* testBiquad.c */,
				37CD1B1A17430B5B00EFDCCC /* testBiquad.h */,
				37CD1B1B174321FD00EFDCCC /* testWindow.c */,
				37CD1B1D1743221300EFDCCC /* testWindow.h */,
			);
			name = Source;
			sourceTree = "<group>";
		};
		1AB674ADFE9D54B511CA2CBB /* Products */ = {
			isa = PBXGroup;
			children = (
				8DD76FB20486AB0100D96B5E /* Test */,
			);
			name = Products;
			sourceTree = "<group>";
		};
		37A1F48A172D8A9200A2FDBE /* src */ = {
			isa = PBXGroup;
			children = (
				373809FA1746C9FF00E35D9C /* FtAudioWavetableGenerator.c */,
				378C59B1173C984C0037EC17 /* FtAudioDsp.c */,
				37A1F48B172D8A9200A2FDBE /* FtAudioBiquadFilter.c */,
				374683EC173DF95F0087752A /* FtAudioLadderFilter.c */,
				37A1F48C172D8A9200A2FDBE /* FtAudioCircularBuffer.c */,
				37A1F48D172D8A9200A2FDBE /* FtAudioFIRFilter.c */,
				37A1F48F172D8A9200A2FDBE /* FtAudioRBJFilter.c */,
				37A1F490172D8A9200A2FDBE /* FtAudioUpsampler.c */,
				37A1F491172D8A9200A2FDBE /* FtAudioUtilities.c */,
				37A1F492172D8A9200A2FDBE /* FtAudioWaveshaper.c */,
				37A1F493172D8A9200A2FDBE /* FtAudioWindowFunction.c */,
			);
			name = src;
			path = ../src;
			sourceTree = SOURCE_ROOT;
		};
		37B3F044173FF743007FB721 /* include */ = {
			isa = PBXGroup;
			children = (
				373809F91746C99600E35D9C /* FtAudioWavetableGenerator.h */,
				373809FC1746CA5A00E35D9C /* FtAudioMidiUtils.h */,
				37B3F045173FF743007FB721 /* FtAudioBiquadFilter.h */,
				37B3F046173FF743007FB721 /* FtAudioCircularBuffer.h */,
				37B3F047173FF743007FB721 /* FtAudioDsp.h */,
				37B3F048173FF743007FB721 /* FtAudioError.h */,
				37B3F049173FF743007FB721 /* FtAudioFIRFilter.h */,
				37B3F04A173FF743007FB721 /* FtAudioLadderFilter.h */,
				37B3F04B173FF743007FB721 /* FtAudioPolyphaseCoeffs.h */,
				37B3F04C173FF743007FB721 /* FtAudioRBJFilter.h */,
				37B3F04D173FF743007FB721 /* FtAudioUpsampler.h */,
				37B3F04E173FF743007FB721 /* FtAudioUtilities.h */,
				37B3F04F173FF743007FB721 /* FtAudioWaveshaper.h */,
				37B3F050173FF743007FB721 /* FtAudioWindowFunction.h */,
			);
			name = include;
			path = ../include;
			sourceTree = "<group>";
		};
		C6A0FF2B0290797F04C91782 /* Documentation */ = {
			isa = PBXGroup;
			children = (
				C6A0FF2C0290799A04C91782 /* Test.1 */,
			);
			name = Documentation;
			sourceTree = "<group>";
		};
/* End PBXGroup section */

/* Begin PBXNativeTarget section */
		8DD76FA90486AB0100D96B5E /* Test */ = {
			isa = PBXNativeTarget;
			buildConfigurationList = 1DEB928508733DD80010E9CD /* Build configuration list for PBXNativeTarget "Test" */;
			buildPhases = (
				8DD76FAB0486AB0100D96B5E /* Sources */,
				8DD76FAD0486AB0100D96B5E /* Frameworks */,
				8DD76FAF0486AB0100D96B5E /* CopyFiles */,
			);
			buildRules = (
			);
			dependencies = (
			);
			name = Test;
			productInstallPath = "$(HOME)/bin";
			productName = Test;
			productReference = 8DD76FB20486AB0100D96B5E /* Test */;
			productType = "com.apple.product-type.tool";
		};
/* End PBXNativeTarget section */

/* Begin PBXProject section */
		08FB7793FE84155DC02AAC07 /* Project object */ = {
			isa = PBXProject;
			attributes = {
				LastUpgradeCheck = 0460;
			};
			buildConfigurationList = 1DEB928908733DD80010E9CD /* Build configuration list for PBXProject "Test" */;
			compatibilityVersion = "Xcode 3.2";
			developmentRegion = English;
			hasScannedForEncodings = 1;
			knownRegions = (
				English,
				Japanese,
				French,
				German,
			);
			mainGroup = 08FB7794FE84155DC02AAC07 /* Test */;
			projectDirPath = "";
			projectRoot = "";
			targets = (
				8DD76FA90486AB0100D96B5E /* Test */,
			);
		};
/* End PBXProject section */

/* Begin PBXSourcesBuildPhase section */
		8DD76FAB0486AB0100D96B5E /* Sources */ = {
			isa = PBXSourcesBuildPhase;
			buildActionMask = 2147483647;
			files = (
				8DD76FAC0486AB0100D96B5E /* main.c in Sources */,
				37A1F494172D8A9200A2FDBE /* FtAudioBiquadFilter.c in Sources */,
				37A1F495172D8A9200A2FDBE /* FtAudioCircularBuffer.c in Sources */,
				37A1F496172D8A9200A2FDBE /* FtAudioFIRFilter.c in Sources */,
				37A1F498172D8A9200A2FDBE /* FtAudioRBJFilter.c in Sources */,
				37A1F499172D8A9200A2FDBE /* FtAudioUpsampler.c in Sources */,
				37A1F49A172D8A9200A2FDBE /* FtAudioUtilities.c in Sources */,
				37A1F49B172D8A9200A2FDBE /* FtAudioWaveshaper.c in Sources */,
				37A1F49C172D8A9200A2FDBE /* FtAudioWindowFunction.c in Sources */,
				3781CA52172DBB290092417C /* signals.c in Sources */,
				3781CA55172DBB890092417C /* coefficients.c in Sources */,
				3781CA5A172DBD570092417C /* testFIR.c in Sources */,
				37AC1BC01730C07800BF8388 /* test.c in Sources */,
				378C59B2173C984C0037EC17 /* FtAudioDsp.c in Sources */,
				374683ED173DF95F0087752A /* FtAudioLadderFilter.c in Sources */,
				37CD1B1917430B3D00EFDCCC /* testBiquad.c in Sources */,
				37CD1B1C174321FD00EFDCCC /* testWindow.c in Sources */,
				373809FB1746C9FF00E35D9C /* FtAudioWavetableGenerator.c in Sources */,
			);
			runOnlyForDeploymentPostprocessing = 0;
		};
/* End PBXSourcesBuildPhase section */

/* Begin XCBuildConfiguration section */
		1DEB928608733DD80010E9CD /* Debug */ = {
			isa = XCBuildConfiguration;
			buildSettings = {
				ALWAYS_SEARCH_USER_PATHS = NO;
				COPY_PHASE_STRIP = NO;
				GCC_DYNAMIC_NO_PIC = NO;
				GCC_MODEL_TUNING = G5;
				GCC_OPTIMIZATION_LEVEL = 0;
				INSTALL_PATH = /usr/local/bin;
				PRODUCT_NAME = Test;
			};
			name = Debug;
		};
		1DEB928708733DD80010E9CD /* Release */ = {
			isa = XCBuildConfiguration;
			buildSettings = {
				ALWAYS_SEARCH_USER_PATHS = NO;
				DEBUG_INFORMATION_FORMAT = "dwarf-with-dsym";
				GCC_MODEL_TUNING = G5;
				HEADER_SEARCH_PATHS = ../include;
				INSTALL_PATH = /usr/local/bin;
				PRODUCT_NAME = Test;
			};
			name = Release;
		};
		1DEB928A08733DD80010E9CD /* Debug */ = {
			isa = XCBuildConfiguration;
			buildSettings = {
				ARCHS = "$(ARCHS_STANDARD_32_64_BIT)";
				GCC_C_LANGUAGE_STANDARD = gnu99;
				GCC_OPTIMIZATION_LEVEL = 0;
				GCC_WARN_ABOUT_RETURN_TYPE = YES;
				GCC_WARN_UNUSED_VARIABLE = YES;
				HEADER_SEARCH_PATHS = ../include/;
				ONLY_ACTIVE_ARCH = YES;
				SDKROOT = macosx;
			};
			name = Debug;
		};
		1DEB928B08733DD80010E9CD /* Release */ = {
			isa = XCBuildConfiguration;
			buildSettings = {
				ARCHS = "$(ARCHS_STANDARD_32_64_BIT)";
				GCC_C_LANGUAGE_STANDARD = gnu99;
				GCC_WARN_ABOUT_RETURN_TYPE = YES;
				GCC_WARN_UNUSED_VARIABLE = YES;
				SDKROOT = macosx;
			};
			name = Release;
		};
/* End XCBuildConfiguration section */

/* Begin XCConfigurationList section */
		1DEB928508733DD80010E9CD /* Build configuration list for PBXNativeTarget "Test" */ = {
			isa = XCConfigurationList;
			buildConfigurations = (
				1DEB928608733DD80010E9CD /* Debug */,
				1DEB928708733DD80010E9CD /* Release */,
			);
			defaultConfigurationIsVisible = 0;
			defaultConfigurationName = Release;
		};
		1DEB928908733DD80010E9CD /* Build configuration list for PBXProject "Test" */ = {
			isa = XCConfigurationList;
			buildConfigurations = (
				1DEB928A08733DD80010E9CD /* Debug */,
				1DEB928B08733DD80010E9CD /* Release */,
			);
			defaultConfigurationIsVisible = 0;
			defaultConfigurationName = Release;
		};
/* End XCConfigurationList section */
	};
	rootObject = 08FB7793FE84155DC02AAC07 /* Project object */;
}
