// !$*UTF8*$!
{
	archiveVersion = 1;
	classes = {
	};
	objectVersion = 46;
	objects = {

/* Begin PBXAggregateTarget section */
		37B8EC811AC7315300EBD2E3 /* All */ = {
			isa = PBXAggregateTarget;
			buildConfigurationList = 37B8EC841AC7315300EBD2E3 /* Build configuration list for PBXAggregateTarget "All" */;
			buildPhases = (
			);
			dependencies = (
				37B8EC861AC7316400EBD2E3 /* PBXTargetDependency */,
				37B8EC881AC7316400EBD2E3 /* PBXTargetDependency */,
			);
			name = All;
			productName = All;
		};
/* End PBXAggregateTarget section */

/* Begin PBXBuildFile section */
		370223321B4F0E5E00750735 /* Signals.cpp in Sources */ = {isa = PBXBuildFile; fileRef = 370223311B4F0E5E00750735 /* Signals.cpp */; };
		370223341B4F31B800750735 /* TestBS1770.cpp in Sources */ = {isa = PBXBuildFile; fileRef = 370223331B4F31B800750735 /* TestBS1770.cpp */; };
		37139B4D1AFB269E00207A08 /* TestLinkwitzRileyFilter.cpp in Sources */ = {isa = PBXBuildFile; fileRef = 37139B4B1AFB0D8000207A08 /* TestLinkwitzRileyFilter.cpp */; };
		3713FCCF1B16882D002C199A /* bs1770.c in Sources */ = {isa = PBXBuildFile; fileRef = 3713FCCD1B16882D002C199A /* bs1770.c */; };
		3713FCD01B16882D002C199A /* bs1770.c in Sources */ = {isa = PBXBuildFile; fileRef = 3713FCCD1B16882D002C199A /* bs1770.c */; };
		372664191CF5620000E11FE7 /* Stereo.h in Headers */ = {isa = PBXBuildFile; fileRef = 372664181CF5620000E11FE7 /* Stereo.h */; };
		3726641A1CF5620000E11FE7 /* Stereo.h in Headers */ = {isa = PBXBuildFile; fileRef = 372664181CF5620000E11FE7 /* Stereo.h */; settings = {ATTRIBUTES = (Public, ); }; };
		3726641C1CF5621A00E11FE7 /* Stereo.c in Sources */ = {isa = PBXBuildFile; fileRef = 3726641B1CF5621A00E11FE7 /* Stereo.c */; };
		3726641D1CF5621A00E11FE7 /* Stereo.c in Sources */ = {isa = PBXBuildFile; fileRef = 3726641B1CF5621A00E11FE7 /* Stereo.c */; };
		3726641E1CF5621A00E11FE7 /* Stereo.c in Sources */ = {isa = PBXBuildFile; fileRef = 3726641B1CF5621A00E11FE7 /* Stereo.c */; };
		3726641F1CF5649A00E11FE7 /* Stereo.h in CopyFiles */ = {isa = PBXBuildFile; fileRef = 372664181CF5620000E11FE7 /* Stereo.h */; };
		37291C6E1D08F4F900387A90 /* SpectrumAnalyzer.h in Headers */ = {isa = PBXBuildFile; fileRef = 37291C6D1D08F4F900387A90 /* SpectrumAnalyzer.h */; };
		37291C6F1D08F4F900387A90 /* SpectrumAnalyzer.h in Headers */ = {isa = PBXBuildFile; fileRef = 37291C6D1D08F4F900387A90 /* SpectrumAnalyzer.h */; };
		37291C711D08F67E00387A90 /* SpectrumAnalyzer.c in Sources */ = {isa = PBXBuildFile; fileRef = 37291C701D08F67E00387A90 /* SpectrumAnalyzer.c */; };
		37291C721D08F67E00387A90 /* SpectrumAnalyzer.c in Sources */ = {isa = PBXBuildFile; fileRef = 37291C701D08F67E00387A90 /* SpectrumAnalyzer.c */; };
		37291C731D08F67E00387A90 /* SpectrumAnalyzer.c in Sources */ = {isa = PBXBuildFile; fileRef = 37291C701D08F67E00387A90 /* SpectrumAnalyzer.c */; };
		37291C751D0907D300387A90 /* TestSpectrumAnalyzer.cpp in Sources */ = {isa = PBXBuildFile; fileRef = 37291C741D0907D300387A90 /* TestSpectrumAnalyzer.cpp */; };
		373B1C8E1B005D7500B0B40D /* Decimator.h in Headers */ = {isa = PBXBuildFile; fileRef = 373B1C8D1B005D7500B0B40D /* Decimator.h */; };
		373B1C8F1B005D7500B0B40D /* Decimator.h in Headers */ = {isa = PBXBuildFile; fileRef = 373B1C8D1B005D7500B0B40D /* Decimator.h */; };
		373B1C911B0060B900B0B40D /* Decimator.c in Sources */ = {isa = PBXBuildFile; fileRef = 373B1C901B0060B900B0B40D /* Decimator.c */; };
		373B1C921B0060B900B0B40D /* Decimator.c in Sources */ = {isa = PBXBuildFile; fileRef = 373B1C901B0060B900B0B40D /* Decimator.c */; };
		373B1C971B006BAA00B0B40D /* PolyphaseCoeffs.c in Sources */ = {isa = PBXBuildFile; fileRef = 373B1C961B006BAA00B0B40D /* PolyphaseCoeffs.c */; };
		373B1C981B006BAA00B0B40D /* PolyphaseCoeffs.c in Sources */ = {isa = PBXBuildFile; fileRef = 373B1C961B006BAA00B0B40D /* PolyphaseCoeffs.c */; };
		373CBAAE1AF71F3F00B488E8 /* TestPanLaw.cpp in Sources */ = {isa = PBXBuildFile; fileRef = 373CBAAD1AF71F3F00B488E8 /* TestPanLaw.cpp */; };
		373CBAB01AF722D600B488E8 /* TestUtilities.cpp in Sources */ = {isa = PBXBuildFile; fileRef = 373CBAAF1AF722D600B488E8 /* TestUtilities.cpp */; };
		376090921B6F1905009EF6E0 /* TestDiodeRectifier.cpp in Sources */ = {isa = PBXBuildFile; fileRef = 376090911B6F1905009EF6E0 /* TestDiodeRectifier.cpp */; };
		3769A0EC1B1EA27B00FF9560 /* bs1770.h in Headers */ = {isa = PBXBuildFile; fileRef = 3769A0EB1B1EA27B00FF9560 /* bs1770.h */; };
		3769A0ED1B1EA27B00FF9560 /* bs1770.h in Headers */ = {isa = PBXBuildFile; fileRef = 3769A0EB1B1EA27B00FF9560 /* bs1770.h */; };
		376CF3781ADB56BF001486B7 /* TestFFT.cpp in Sources */ = {isa = PBXBuildFile; fileRef = 376CF3771ADB56BF001486B7 /* TestFFT.cpp */; };
		376CF37A1ADB6849001486B7 /* TestMultibandFilterBank.cpp in Sources */ = {isa = PBXBuildFile; fileRef = 376CF3791ADB6849001486B7 /* TestMultibandFilterBank.cpp */; };
		376CF37C1ADB7444001486B7 /* libfftw3.3.dylib in Frameworks */ = {isa = PBXBuildFile; fileRef = 376CF37B1ADB7444001486B7 /* libfftw3.3.dylib */; };
		376CF37E1ADB747D001486B7 /* libfftw3f.3.dylib in Frameworks */ = {isa = PBXBuildFile; fileRef = 376CF37D1ADB747D001486B7 /* libfftw3f.3.dylib */; };
		376CF3801ADB7492001486B7 /* libfftw3.a in Frameworks */ = {isa = PBXBuildFile; fileRef = 376CF37F1ADB7492001486B7 /* libfftw3.a */; };
		376CF3821ADB74A0001486B7 /* libfftw3f.a in Frameworks */ = {isa = PBXBuildFile; fileRef = 376CF3811ADB74A0001486B7 /* libfftw3f.a */; };
		376ED3CA1AF666980054BA36 /* MidiUtils.c in Sources */ = {isa = PBXBuildFile; fileRef = 376ED3C91AF666980054BA36 /* MidiUtils.c */; };
		376ED3CB1AF6672E0054BA36 /* MidiUtils.c in Sources */ = {isa = PBXBuildFile; fileRef = 376ED3C91AF666980054BA36 /* MidiUtils.c */; };
		376ED3CE1AF6683E0054BA36 /* TestRMS.cpp in Sources */ = {isa = PBXBuildFile; fileRef = 376ED3CC1AF667B80054BA36 /* TestRMS.cpp */; };
		3775E0801AD4EF3B00930665 /* Signals.h in Headers */ = {isa = PBXBuildFile; fileRef = 3775E0771AD4EF3B00930665 /* Signals.h */; };
		3775E0811AD4EF3B00930665 /* TestBiquadFilter.h in Headers */ = {isa = PBXBuildFile; fileRef = 3775E0781AD4EF3B00930665 /* TestBiquadFilter.h */; };
		3775E0821AD4EF3B00930665 /* testFFT.h in Headers */ = {isa = PBXBuildFile; fileRef = 3775E0791AD4EF3B00930665 /* testFFT.h */; };
		3775E0831AD4EF3B00930665 /* TestFIRFilter.h in Headers */ = {isa = PBXBuildFile; fileRef = 3775E07A1AD4EF3B00930665 /* TestFIRFilter.h */; };
		3775E0841AD4EF3B00930665 /* TestOnePole.h in Headers */ = {isa = PBXBuildFile; fileRef = 3775E07B1AD4EF3B00930665 /* TestOnePole.h */; };
		3775E0871AD4EF3B00930665 /* TestRBJFilter.h in Headers */ = {isa = PBXBuildFile; fileRef = 3775E07E1AD4EF3B00930665 /* TestRBJFilter.h */; };
		3775E0881AD4EF3B00930665 /* TestWindowFunctions.h in Headers */ = {isa = PBXBuildFile; fileRef = 3775E07F1AD4EF3B00930665 /* TestWindowFunctions.h */; };
		3775E08B1AD4F1E500930665 /* TestOnePole.cpp in Sources */ = {isa = PBXBuildFile; fileRef = 3775E0891AD4F05800930665 /* TestOnePole.cpp */; };
		3775E08E1AD4F4EE00930665 /* TestDSP.cpp in Sources */ = {isa = PBXBuildFile; fileRef = 3775E08C1AD4F4EE00930665 /* TestDSP.cpp */; };
		3775E0901AD4F8A500930665 /* TestFIRFilter.cpp in Sources */ = {isa = PBXBuildFile; fileRef = 3775E08F1AD4F8A500930665 /* TestFIRFilter.cpp */; };
		3775E0931AD501DE00930665 /* TestRBJFilter.cpp in Sources */ = {isa = PBXBuildFile; fileRef = 3775E0911AD501BB00930665 /* TestRBJFilter.cpp */; };
		3775E0951AD605CA00930665 /* TestMidiUtils.cpp in Sources */ = {isa = PBXBuildFile; fileRef = 3775E0941AD605CA00930665 /* TestMidiUtils.cpp */; };
		3775E0991AD6074B00930665 /* DiodeSaturator.c in Sources */ = {isa = PBXBuildFile; fileRef = 3775E0971AD6072C00930665 /* DiodeSaturator.c */; };
		3775E09A1AD6075600930665 /* DiodeSaturator.c in Sources */ = {isa = PBXBuildFile; fileRef = 3775E0971AD6072C00930665 /* DiodeSaturator.c */; };
		3775E09B1AD6075600930665 /* PanLaw.c in Sources */ = {isa = PBXBuildFile; fileRef = 37CDDD8E1AC9C83C001B96BA /* PanLaw.c */; };
		3775E09F1AD60A5100930665 /* TestWindowFunctions.cpp in Sources */ = {isa = PBXBuildFile; fileRef = 3775E09E1AD60A5100930665 /* TestWindowFunctions.cpp */; };
		37BC9E071AC71F0A008718DC /* libFxDSP.a in CopyFiles */ = {isa = PBXBuildFile; fileRef = 37C0317A1ABB7E0200ABB47B /* libFxDSP.a */; };
		37BC9E221AC71FD7008718DC /* BiquadFilter.h in CopyFiles */ = {isa = PBXBuildFile; fileRef = 37C0309A1ABB5EA800ABB47B /* BiquadFilter.h */; };
		37BC9E231AC71FD7008718DC /* CircularBuffer.h in CopyFiles */ = {isa = PBXBuildFile; fileRef = 37C0309B1ABB5EA800ABB47B /* CircularBuffer.h */; };
		37BC9E251AC71FD7008718DC /* DiodeRectifier.h in CopyFiles */ = {isa = PBXBuildFile; fileRef = 37C0309D1ABB5EA800ABB47B /* DiodeRectifier.h */; };
		37BC9E261AC71FD7008718DC /* Dsp.h in CopyFiles */ = {isa = PBXBuildFile; fileRef = 37C0309E1ABB5EA800ABB47B /* Dsp.h */; };
		37BC9E271AC71FD7008718DC /* Error.h in CopyFiles */ = {isa = PBXBuildFile; fileRef = 37C0309F1ABB5EA800ABB47B /* Error.h */; };
		37BC9E281AC71FD7008718DC /* FFT.h in CopyFiles */ = {isa = PBXBuildFile; fileRef = 37C030A01ABB5EA800ABB47B /* FFT.h */; };
		37BC9E291AC71FD7008718DC /* FilterTypes.h in CopyFiles */ = {isa = PBXBuildFile; fileRef = 37C030A11ABB5EA800ABB47B /* FilterTypes.h */; };
		37BC9E2A1AC71FD7008718DC /* FIRFilter.h in CopyFiles */ = {isa = PBXBuildFile; fileRef = 37C030A21ABB5EA800ABB47B /* FIRFilter.h */; };
		37BC9E2B1AC71FD7008718DC /* LadderFilter.h in CopyFiles */ = {isa = PBXBuildFile; fileRef = 37C030A31ABB5EA800ABB47B /* LadderFilter.h */; };
		37BC9E2C1AC71FD7008718DC /* LinkwitzRileyFilter.h in CopyFiles */ = {isa = PBXBuildFile; fileRef = 37C030A41ABB5EA800ABB47B /* LinkwitzRileyFilter.h */; };
		37BC9E2D1AC71FD7008718DC /* MidiUtils.h in CopyFiles */ = {isa = PBXBuildFile; fileRef = 37C030A51ABB5EA800ABB47B /* MidiUtils.h */; };
		37BC9E2E1AC71FD7008718DC /* MultibandBank.h in CopyFiles */ = {isa = PBXBuildFile; fileRef = 37C030A61ABB5EA800ABB47B /* MultibandBank.h */; };
		37BC9E2F1AC71FD7008718DC /* OnePole.h in CopyFiles */ = {isa = PBXBuildFile; fileRef = 37C030A71ABB5EA800ABB47B /* OnePole.h */; };
		37BC9E301AC71FD7008718DC /* Optocoupler.h in CopyFiles */ = {isa = PBXBuildFile; fileRef = 37C030A81ABB5EA800ABB47B /* Optocoupler.h */; };
		37BC9E311AC71FD7008718DC /* PolyphaseCoeffs.h in CopyFiles */ = {isa = PBXBuildFile; fileRef = 37C030A91ABB5EA800ABB47B /* PolyphaseCoeffs.h */; };
		37BC9E321AC71FD7008718DC /* PolySaturator.h in CopyFiles */ = {isa = PBXBuildFile; fileRef = 37C030AA1ABB5EA800ABB47B /* PolySaturator.h */; };
		37BC9E331AC71FD7008718DC /* RBJFilter.h in CopyFiles */ = {isa = PBXBuildFile; fileRef = 37C030AB1ABB5EA800ABB47B /* RBJFilter.h */; };
		37BC9E341AC71FD7008718DC /* RMSEstimator.h in CopyFiles */ = {isa = PBXBuildFile; fileRef = 37C030AC1ABB5EA800ABB47B /* RMSEstimator.h */; };
		37BC9E351AC71FD7008718DC /* Tape.h in CopyFiles */ = {isa = PBXBuildFile; fileRef = 37C030AD1ABB5EA800ABB47B /* Tape.h */; };
		37BC9E361AC71FD7008718DC /* Upsampler.h in CopyFiles */ = {isa = PBXBuildFile; fileRef = 37C030AE1ABB5EA800ABB47B /* Upsampler.h */; };
		37BC9E371AC71FD7008718DC /* Utilities.h in CopyFiles */ = {isa = PBXBuildFile; fileRef = 37C030AF1ABB5EA800ABB47B /* Utilities.h */; };
		37BC9E3A1AC71FD7008718DC /* WindowFunction.h in CopyFiles */ = {isa = PBXBuildFile; fileRef = 37C030B21ABB5EA800ABB47B /* WindowFunction.h */; };
		37BD93011B138C7F009238D4 /* Metering.h in CopyFiles */ = {isa = PBXBuildFile; fileRef = 37DC0C4E1B0FF83700C20827 /* Metering.h */; };
		37BD93021B138C7F009238D4 /* DiodeSaturator.h in CopyFiles */ = {isa = PBXBuildFile; fileRef = 3775E0961AD6072200930665 /* DiodeSaturator.h */; };
		37BD93031B138C7F009238D4 /* Decimator.h in CopyFiles */ = {isa = PBXBuildFile; fileRef = 373B1C8D1B005D7500B0B40D /* Decimator.h */; };
		37BD93051B139082009238D4 /* TestUpsampler.cpp in Sources */ = {isa = PBXBuildFile; fileRef = 37BD93041B139082009238D4 /* TestUpsampler.cpp */; };
		37BD93071B13A46C009238D4 /* TestDecimator.cpp in Sources */ = {isa = PBXBuildFile; fileRef = 37BD93061B13A46C009238D4 /* TestDecimator.cpp */; };
		37BE91AC1ACADE270068DDD5 /* PanLaw.h in Headers */ = {isa = PBXBuildFile; fileRef = 37CDDD8C1AC9C82F001B96BA /* PanLaw.h */; settings = {ATTRIBUTES = (Public, ); }; };
		37BE91AD1ACADE350068DDD5 /* PanLaw.h in CopyFiles */ = {isa = PBXBuildFile; fileRef = 37CDDD8C1AC9C82F001B96BA /* PanLaw.h */; };
		37C030B31ABB5EA800ABB47B /* BiquadFilter.h in Headers */ = {isa = PBXBuildFile; fileRef = 37C0309A1ABB5EA800ABB47B /* BiquadFilter.h */; };
		37C030B41ABB5EA800ABB47B /* CircularBuffer.h in Headers */ = {isa = PBXBuildFile; fileRef = 37C0309B1ABB5EA800ABB47B /* CircularBuffer.h */; };
		37C030B61ABB5EA800ABB47B /* DiodeRectifier.h in Headers */ = {isa = PBXBuildFile; fileRef = 37C0309D1ABB5EA800ABB47B /* DiodeRectifier.h */; };
		37C030B71ABB5EA800ABB47B /* Dsp.h in Headers */ = {isa = PBXBuildFile; fileRef = 37C0309E1ABB5EA800ABB47B /* Dsp.h */; };
		37C030B81ABB5EA800ABB47B /* Error.h in Headers */ = {isa = PBXBuildFile; fileRef = 37C0309F1ABB5EA800ABB47B /* Error.h */; };
		37C030B91ABB5EA800ABB47B /* FFT.h in Headers */ = {isa = PBXBuildFile; fileRef = 37C030A01ABB5EA800ABB47B /* FFT.h */; };
		37C030BA1ABB5EA800ABB47B /* FilterTypes.h in Headers */ = {isa = PBXBuildFile; fileRef = 37C030A11ABB5EA800ABB47B /* FilterTypes.h */; };
		37C030BB1ABB5EA800ABB47B /* FIRFilter.h in Headers */ = {isa = PBXBuildFile; fileRef = 37C030A21ABB5EA800ABB47B /* FIRFilter.h */; };
		37C030BC1ABB5EA800ABB47B /* LadderFilter.h in Headers */ = {isa = PBXBuildFile; fileRef = 37C030A31ABB5EA800ABB47B /* LadderFilter.h */; };
		37C030BD1ABB5EA800ABB47B /* LinkwitzRileyFilter.h in Headers */ = {isa = PBXBuildFile; fileRef = 37C030A41ABB5EA800ABB47B /* LinkwitzRileyFilter.h */; };
		37C030BE1ABB5EA800ABB47B /* MidiUtils.h in Headers */ = {isa = PBXBuildFile; fileRef = 37C030A51ABB5EA800ABB47B /* MidiUtils.h */; };
		37C030BF1ABB5EA800ABB47B /* MultibandBank.h in Headers */ = {isa = PBXBuildFile; fileRef = 37C030A61ABB5EA800ABB47B /* MultibandBank.h */; };
		37C030C01ABB5EA800ABB47B /* OnePole.h in Headers */ = {isa = PBXBuildFile; fileRef = 37C030A71ABB5EA800ABB47B /* OnePole.h */; };
		37C030C11ABB5EA800ABB47B /* Optocoupler.h in Headers */ = {isa = PBXBuildFile; fileRef = 37C030A81ABB5EA800ABB47B /* Optocoupler.h */; };
		37C030C21ABB5EA800ABB47B /* PolyphaseCoeffs.h in Headers */ = {isa = PBXBuildFile; fileRef = 37C030A91ABB5EA800ABB47B /* PolyphaseCoeffs.h */; };
		37C030C31ABB5EA800ABB47B /* PolySaturator.h in Headers */ = {isa = PBXBuildFile; fileRef = 37C030AA1ABB5EA800ABB47B /* PolySaturator.h */; };
		37C030C41ABB5EA800ABB47B /* RBJFilter.h in Headers */ = {isa = PBXBuildFile; fileRef = 37C030AB1ABB5EA800ABB47B /* RBJFilter.h */; };
		37C030C51ABB5EA800ABB47B /* RMSEstimator.h in Headers */ = {isa = PBXBuildFile; fileRef = 37C030AC1ABB5EA800ABB47B /* RMSEstimator.h */; };
		37C030C61ABB5EA800ABB47B /* Tape.h in Headers */ = {isa = PBXBuildFile; fileRef = 37C030AD1ABB5EA800ABB47B /* Tape.h */; };
		37C030C71ABB5EA800ABB47B /* Upsampler.h in Headers */ = {isa = PBXBuildFile; fileRef = 37C030AE1ABB5EA800ABB47B /* Upsampler.h */; };
		37C030C81ABB5EA800ABB47B /* Utilities.h in Headers */ = {isa = PBXBuildFile; fileRef = 37C030AF1ABB5EA800ABB47B /* Utilities.h */; };
		37C030CB1ABB5EA800ABB47B /* WindowFunction.h in Headers */ = {isa = PBXBuildFile; fileRef = 37C030B21ABB5EA800ABB47B /* WindowFunction.h */; };
		37C030E11ABB5EBF00ABB47B /* BiquadFilter.c in Sources */ = {isa = PBXBuildFile; fileRef = 37C030CC1ABB5EBF00ABB47B /* BiquadFilter.c */; };
		37C030E21ABB5EBF00ABB47B /* CircularBuffer.c in Sources */ = {isa = PBXBuildFile; fileRef = 37C030CD1ABB5EBF00ABB47B /* CircularBuffer.c */; };
		37C030E41ABB5EBF00ABB47B /* DiodeRectifier.c in Sources */ = {isa = PBXBuildFile; fileRef = 37C030CF1ABB5EBF00ABB47B /* DiodeRectifier.c */; };
		37C030E51ABB5EBF00ABB47B /* Dsp.c in Sources */ = {isa = PBXBuildFile; fileRef = 37C030D01ABB5EBF00ABB47B /* Dsp.c */; };
		37C030E61ABB5EBF00ABB47B /* FFT.c in Sources */ = {isa = PBXBuildFile; fileRef = 37C030D11ABB5EBF00ABB47B /* FFT.c */; };
		37C030E71ABB5EBF00ABB47B /* FIRFilter.c in Sources */ = {isa = PBXBuildFile; fileRef = 37C030D21ABB5EBF00ABB47B /* FIRFilter.c */; };
		37C030E81ABB5EBF00ABB47B /* LadderFilter.c in Sources */ = {isa = PBXBuildFile; fileRef = 37C030D31ABB5EBF00ABB47B /* LadderFilter.c */; };
		37C030E91ABB5EBF00ABB47B /* LinkwitzRileyFilter.c in Sources */ = {isa = PBXBuildFile; fileRef = 37C030D41ABB5EBF00ABB47B /* LinkwitzRileyFilter.c */; };
		37C030EA1ABB5EBF00ABB47B /* MultibandBank.c in Sources */ = {isa = PBXBuildFile; fileRef = 37C030D51ABB5EBF00ABB47B /* MultibandBank.c */; };
		37C030EB1ABB5EBF00ABB47B /* OnePole.c in Sources */ = {isa = PBXBuildFile; fileRef = 37C030D61ABB5EBF00ABB47B /* OnePole.c */; };
		37C030EC1ABB5EBF00ABB47B /* Optocoupler.c in Sources */ = {isa = PBXBuildFile; fileRef = 37C030D71ABB5EBF00ABB47B /* Optocoupler.c */; };
		37C030ED1ABB5EBF00ABB47B /* PolySaturator.c in Sources */ = {isa = PBXBuildFile; fileRef = 37C030D81ABB5EBF00ABB47B /* PolySaturator.c */; };
		37C030EE1ABB5EBF00ABB47B /* RBJFilter.c in Sources */ = {isa = PBXBuildFile; fileRef = 37C030D91ABB5EBF00ABB47B /* RBJFilter.c */; };
		37C030EF1ABB5EBF00ABB47B /* RMSEstimator.c in Sources */ = {isa = PBXBuildFile; fileRef = 37C030DA1ABB5EBF00ABB47B /* RMSEstimator.c */; };
		37C030F01ABB5EBF00ABB47B /* Tape.c in Sources */ = {isa = PBXBuildFile; fileRef = 37C030DB1ABB5EBF00ABB47B /* Tape.c */; };
		37C030F11ABB5EBF00ABB47B /* Upsampler.c in Sources */ = {isa = PBXBuildFile; fileRef = 37C030DC1ABB5EBF00ABB47B /* Upsampler.c */; };
		37C030F21ABB5EBF00ABB47B /* Utilities.c in Sources */ = {isa = PBXBuildFile; fileRef = 37C030DD1ABB5EBF00ABB47B /* Utilities.c */; };
		37C030F51ABB5EBF00ABB47B /* WindowFunction.c in Sources */ = {isa = PBXBuildFile; fileRef = 37C030E01ABB5EBF00ABB47B /* WindowFunction.c */; };
		37C031751ABB7D8000ABB47B /* libFxDSP.dylib in CopyFiles */ = {isa = PBXBuildFile; fileRef = 37EAC0E71818AE2F00736C52 /* libFxDSP.dylib */; settings = {ATTRIBUTES = (CodeSignOnCopy, ); }; };
		37C0317E1ABB7E3500ABB47B /* BiquadFilter.c in Sources */ = {isa = PBXBuildFile; fileRef = 37C030CC1ABB5EBF00ABB47B /* BiquadFilter.c */; };
		37C0317F1ABB7E3500ABB47B /* CircularBuffer.c in Sources */ = {isa = PBXBuildFile; fileRef = 37C030CD1ABB5EBF00ABB47B /* CircularBuffer.c */; };
		37C031811ABB7E3500ABB47B /* DiodeRectifier.c in Sources */ = {isa = PBXBuildFile; fileRef = 37C030CF1ABB5EBF00ABB47B /* DiodeRectifier.c */; };
		37C031821ABB7E3500ABB47B /* Dsp.c in Sources */ = {isa = PBXBuildFile; fileRef = 37C030D01ABB5EBF00ABB47B /* Dsp.c */; };
		37C031831ABB7E3500ABB47B /* FFT.c in Sources */ = {isa = PBXBuildFile; fileRef = 37C030D11ABB5EBF00ABB47B /* FFT.c */; };
		37C031841ABB7E3500ABB47B /* FIRFilter.c in Sources */ = {isa = PBXBuildFile; fileRef = 37C030D21ABB5EBF00ABB47B /* FIRFilter.c */; };
		37C031851ABB7E3500ABB47B /* LadderFilter.c in Sources */ = {isa = PBXBuildFile; fileRef = 37C030D31ABB5EBF00ABB47B /* LadderFilter.c */; };
		37C031861ABB7E3500ABB47B /* LinkwitzRileyFilter.c in Sources */ = {isa = PBXBuildFile; fileRef = 37C030D41ABB5EBF00ABB47B /* LinkwitzRileyFilter.c */; };
		37C031871ABB7E3500ABB47B /* MultibandBank.c in Sources */ = {isa = PBXBuildFile; fileRef = 37C030D51ABB5EBF00ABB47B /* MultibandBank.c */; };
		37C031881ABB7E3500ABB47B /* OnePole.c in Sources */ = {isa = PBXBuildFile; fileRef = 37C030D61ABB5EBF00ABB47B /* OnePole.c */; };
		37C031891ABB7E3500ABB47B /* Optocoupler.c in Sources */ = {isa = PBXBuildFile; fileRef = 37C030D71ABB5EBF00ABB47B /* Optocoupler.c */; };
		37C0318A1ABB7E3500ABB47B /* PolySaturator.c in Sources */ = {isa = PBXBuildFile; fileRef = 37C030D81ABB5EBF00ABB47B /* PolySaturator.c */; };
		37C0318B1ABB7E3500ABB47B /* RBJFilter.c in Sources */ = {isa = PBXBuildFile; fileRef = 37C030D91ABB5EBF00ABB47B /* RBJFilter.c */; };
		37C0318C1ABB7E3500ABB47B /* RMSEstimator.c in Sources */ = {isa = PBXBuildFile; fileRef = 37C030DA1ABB5EBF00ABB47B /* RMSEstimator.c */; };
		37C0318D1ABB7E3500ABB47B /* Tape.c in Sources */ = {isa = PBXBuildFile; fileRef = 37C030DB1ABB5EBF00ABB47B /* Tape.c */; };
		37C0318E1ABB7E3500ABB47B /* Upsampler.c in Sources */ = {isa = PBXBuildFile; fileRef = 37C030DC1ABB5EBF00ABB47B /* Upsampler.c */; };
		37C0318F1ABB7E3500ABB47B /* Utilities.c in Sources */ = {isa = PBXBuildFile; fileRef = 37C030DD1ABB5EBF00ABB47B /* Utilities.c */; };
		37C031921ABB7E3500ABB47B /* WindowFunction.c in Sources */ = {isa = PBXBuildFile; fileRef = 37C030E01ABB5EBF00ABB47B /* WindowFunction.c */; };
		37C031931ABB7E3F00ABB47B /* Accelerate.framework in Frameworks */ = {isa = PBXBuildFile; fileRef = 37EAC1281818AEE000736C52 /* Accelerate.framework */; };
		37C031941ABB7E4D00ABB47B /* BiquadFilter.h in Headers */ = {isa = PBXBuildFile; fileRef = 37C0309A1ABB5EA800ABB47B /* BiquadFilter.h */; settings = {ATTRIBUTES = (Public, ); }; };
		37C031951ABB7E4D00ABB47B /* CircularBuffer.h in Headers */ = {isa = PBXBuildFile; fileRef = 37C0309B1ABB5EA800ABB47B /* CircularBuffer.h */; settings = {ATTRIBUTES = (Public, ); }; };
		37C031971ABB7E4D00ABB47B /* DiodeRectifier.h in Headers */ = {isa = PBXBuildFile; fileRef = 37C0309D1ABB5EA800ABB47B /* DiodeRectifier.h */; settings = {ATTRIBUTES = (Public, ); }; };
		37C031981ABB7E4D00ABB47B /* Dsp.h in Headers */ = {isa = PBXBuildFile; fileRef = 37C0309E1ABB5EA800ABB47B /* Dsp.h */; settings = {ATTRIBUTES = (Public, ); }; };
		37C031991ABB7E4D00ABB47B /* Error.h in Headers */ = {isa = PBXBuildFile; fileRef = 37C0309F1ABB5EA800ABB47B /* Error.h */; settings = {ATTRIBUTES = (Public, ); }; };
		37C0319A1ABB7E4D00ABB47B /* FFT.h in Headers */ = {isa = PBXBuildFile; fileRef = 37C030A01ABB5EA800ABB47B /* FFT.h */; settings = {ATTRIBUTES = (Public, ); }; };
		37C0319B1ABB7E4D00ABB47B /* FilterTypes.h in Headers */ = {isa = PBXBuildFile; fileRef = 37C030A11ABB5EA800ABB47B /* FilterTypes.h */; settings = {ATTRIBUTES = (Public, ); }; };
		37C0319C1ABB7E4D00ABB47B /* FIRFilter.h in Headers */ = {isa = PBXBuildFile; fileRef = 37C030A21ABB5EA800ABB47B /* FIRFilter.h */; settings = {ATTRIBUTES = (Public, ); }; };
		37C0319D1ABB7E4D00ABB47B /* LadderFilter.h in Headers */ = {isa = PBXBuildFile; fileRef = 37C030A31ABB5EA800ABB47B /* LadderFilter.h */; settings = {ATTRIBUTES = (Public, ); }; };
		37C0319E1ABB7E4D00ABB47B /* LinkwitzRileyFilter.h in Headers */ = {isa = PBXBuildFile; fileRef = 37C030A41ABB5EA800ABB47B /* LinkwitzRileyFilter.h */; settings = {ATTRIBUTES = (Public, ); }; };
		37C0319F1ABB7E4D00ABB47B /* MidiUtils.h in Headers */ = {isa = PBXBuildFile; fileRef = 37C030A51ABB5EA800ABB47B /* MidiUtils.h */; settings = {ATTRIBUTES = (Public, ); }; };
		37C031A01ABB7E4D00ABB47B /* MultibandBank.h in Headers */ = {isa = PBXBuildFile; fileRef = 37C030A61ABB5EA800ABB47B /* MultibandBank.h */; settings = {ATTRIBUTES = (Public, ); }; };
		37C031A11ABB7E4D00ABB47B /* OnePole.h in Headers */ = {isa = PBXBuildFile; fileRef = 37C030A71ABB5EA800ABB47B /* OnePole.h */; settings = {ATTRIBUTES = (Public, ); }; };
		37C031A21ABB7E4D00ABB47B /* Optocoupler.h in Headers */ = {isa = PBXBuildFile; fileRef = 37C030A81ABB5EA800ABB47B /* Optocoupler.h */; settings = {ATTRIBUTES = (Public, ); }; };
		37C031A31ABB7E4D00ABB47B /* PolyphaseCoeffs.h in Headers */ = {isa = PBXBuildFile; fileRef = 37C030A91ABB5EA800ABB47B /* PolyphaseCoeffs.h */; settings = {ATTRIBUTES = (Public, ); }; };
		37C031A41ABB7E4D00ABB47B /* PolySaturator.h in Headers */ = {isa = PBXBuildFile; fileRef = 37C030AA1ABB5EA800ABB47B /* PolySaturator.h */; settings = {ATTRIBUTES = (Public, ); }; };
		37C031A51ABB7E4D00ABB47B /* RBJFilter.h in Headers */ = {isa = PBXBuildFile; fileRef = 37C030AB1ABB5EA800ABB47B /* RBJFilter.h */; settings = {ATTRIBUTES = (Public, ); }; };
		37C031A61ABB7E4D00ABB47B /* RMSEstimator.h in Headers */ = {isa = PBXBuildFile; fileRef = 37C030AC1ABB5EA800ABB47B /* RMSEstimator.h */; settings = {ATTRIBUTES = (Public, ); }; };
		37C031A71ABB7E4D00ABB47B /* Tape.h in Headers */ = {isa = PBXBuildFile; fileRef = 37C030AD1ABB5EA800ABB47B /* Tape.h */; settings = {ATTRIBUTES = (Public, ); }; };
		37C031A81ABB7E4D00ABB47B /* Upsampler.h in Headers */ = {isa = PBXBuildFile; fileRef = 37C030AE1ABB5EA800ABB47B /* Upsampler.h */; settings = {ATTRIBUTES = (Public, ); }; };
		37C031A91ABB7E4D00ABB47B /* Utilities.h in Headers */ = {isa = PBXBuildFile; fileRef = 37C030AF1ABB5EA800ABB47B /* Utilities.h */; settings = {ATTRIBUTES = (Public, ); }; };
		37C031AC1ABB7E4D00ABB47B /* WindowFunction.h in Headers */ = {isa = PBXBuildFile; fileRef = 37C030B21ABB5EA800ABB47B /* WindowFunction.h */; settings = {ATTRIBUTES = (Public, ); }; };
		37CDDD8D1AC9C82F001B96BA /* PanLaw.h in Headers */ = {isa = PBXBuildFile; fileRef = 37CDDD8C1AC9C82F001B96BA /* PanLaw.h */; };
		37CDDD8F1AC9C83C001B96BA /* PanLaw.c in Sources */ = {isa = PBXBuildFile; fileRef = 37CDDD8E1AC9C83C001B96BA /* PanLaw.c */; };
		37D3CBCA1AD4D6DB001E598C /* TestBiquadFilter.cpp in Sources */ = {isa = PBXBuildFile; fileRef = 37D3CBBD1AD4D654001E598C /* TestBiquadFilter.cpp */; };
		37D3CBCD1AD4D74D001E598C /* main.cpp in Sources */ = {isa = PBXBuildFile; fileRef = 37D3CBCB1AD4D747001E598C /* main.cpp */; };
		37D3CBCF1AD4D82C001E598C /* libgtest.a in Frameworks */ = {isa = PBXBuildFile; fileRef = 37D3CBCE1AD4D82C001E598C /* libgtest.a */; };
		37D3CBD21AD4D96E001E598C /* libFxDSP.a in Frameworks */ = {isa = PBXBuildFile; fileRef = 37C0317A1ABB7E0200ABB47B /* libFxDSP.a */; };
		37D3CBD51AD4DCC2001E598C /* TestCircularBuffer.cpp in Sources */ = {isa = PBXBuildFile; fileRef = 37D3CBD31AD4DCC2001E598C /* TestCircularBuffer.cpp */; };
		37D4B2EC1CCC27A800A5A0F7 /* TestOptocoupler.cpp in Sources */ = {isa = PBXBuildFile; fileRef = 37D4B2EA1CCC27A800A5A0F7 /* TestOptocoupler.cpp */; };
		37DC0C4A1B0FF80000C20827 /* Metering.c in Sources */ = {isa = PBXBuildFile; fileRef = 37DC0C481B0FF80000C20827 /* Metering.c */; };
		37DC0C4B1B0FF80000C20827 /* Metering.c in Sources */ = {isa = PBXBuildFile; fileRef = 37DC0C481B0FF80000C20827 /* Metering.c */; };
		37DC0C4F1B0FF83800C20827 /* Metering.h in Headers */ = {isa = PBXBuildFile; fileRef = 37DC0C4E1B0FF83700C20827 /* Metering.h */; };
		37DC0C501B0FF83800C20827 /* Metering.h in Headers */ = {isa = PBXBuildFile; fileRef = 37DC0C4E1B0FF83700C20827 /* Metering.h */; };
		37DC0C521B0FF8CA00C20827 /* TestMetering.cpp in Sources */ = {isa = PBXBuildFile; fileRef = 37DC0C511B0FF8CA00C20827 /* TestMetering.cpp */; };
		37EAC1291818AEE000736C52 /* Accelerate.framework in Frameworks */ = {isa = PBXBuildFile; fileRef = 37EAC1281818AEE000736C52 /* Accelerate.framework */; };
/* End PBXBuildFile section */

/* Begin PBXContainerItemProxy section */
		37B8EC851AC7316400EBD2E3 /* PBXContainerItemProxy */ = {
			isa = PBXContainerItemProxy;
			containerPortal = 37EAC0DF1818AE2F00736C52 /* Project object */;
			proxyType = 1;
			remoteGlobalIDString = 37EAC0E61818AE2F00736C52;
			remoteInfo = FxDSP;
		};
		37B8EC871AC7316400EBD2E3 /* PBXContainerItemProxy */ = {
			isa = PBXContainerItemProxy;
			containerPortal = 37EAC0DF1818AE2F00736C52 /* Project object */;
			proxyType = 1;
			remoteGlobalIDString = 37C031791ABB7E0200ABB47B;
			remoteInfo = "FxDSP Static";
		};
		37D3CBD01AD4D969001E598C /* PBXContainerItemProxy */ = {
			isa = PBXContainerItemProxy;
			containerPortal = 37EAC0DF1818AE2F00736C52 /* Project object */;
			proxyType = 1;
			remoteGlobalIDString = 37EAC0E61818AE2F00736C52;
			remoteInfo = FxDSP;
		};
/* End PBXContainerItemProxy section */

/* Begin PBXCopyFilesBuildPhase section */
		37BC9E061AC71EEE008718DC /* CopyFiles */ = {
			isa = PBXCopyFilesBuildPhase;
			buildActionMask = 2147483647;
			dstPath = /usr/local/lib;
			dstSubfolderSpec = 0;
			files = (
				37BC9E071AC71F0A008718DC /* libFxDSP.a in CopyFiles */,
			);
			runOnlyForDeploymentPostprocessing = 0;
		};
		37BC9E211AC71FAB008718DC /* CopyFiles */ = {
			isa = PBXCopyFilesBuildPhase;
			buildActionMask = 2147483647;
			dstPath = /usr/local/include/FxDSP;
			dstSubfolderSpec = 0;
			files = (
				3726641F1CF5649A00E11FE7 /* Stereo.h in CopyFiles */,
				37BD93011B138C7F009238D4 /* Metering.h in CopyFiles */,
				37BD93021B138C7F009238D4 /* DiodeSaturator.h in CopyFiles */,
				37BD93031B138C7F009238D4 /* Decimator.h in CopyFiles */,
				37BE91AD1ACADE350068DDD5 /* PanLaw.h in CopyFiles */,
				37BC9E221AC71FD7008718DC /* BiquadFilter.h in CopyFiles */,
				37BC9E231AC71FD7008718DC /* CircularBuffer.h in CopyFiles */,
				37BC9E251AC71FD7008718DC /* DiodeRectifier.h in CopyFiles */,
				37BC9E261AC71FD7008718DC /* Dsp.h in CopyFiles */,
				37BC9E271AC71FD7008718DC /* Error.h in CopyFiles */,
				37BC9E281AC71FD7008718DC /* FFT.h in CopyFiles */,
				37BC9E291AC71FD7008718DC /* FilterTypes.h in CopyFiles */,
				37BC9E2A1AC71FD7008718DC /* FIRFilter.h in CopyFiles */,
				37BC9E2B1AC71FD7008718DC /* LadderFilter.h in CopyFiles */,
				37BC9E2C1AC71FD7008718DC /* LinkwitzRileyFilter.h in CopyFiles */,
				37BC9E2D1AC71FD7008718DC /* MidiUtils.h in CopyFiles */,
				37BC9E2E1AC71FD7008718DC /* MultibandBank.h in CopyFiles */,
				37BC9E2F1AC71FD7008718DC /* OnePole.h in CopyFiles */,
				37BC9E301AC71FD7008718DC /* Optocoupler.h in CopyFiles */,
				37BC9E311AC71FD7008718DC /* PolyphaseCoeffs.h in CopyFiles */,
				37BC9E321AC71FD7008718DC /* PolySaturator.h in CopyFiles */,
				37BC9E331AC71FD7008718DC /* RBJFilter.h in CopyFiles */,
				37BC9E341AC71FD7008718DC /* RMSEstimator.h in CopyFiles */,
				37BC9E351AC71FD7008718DC /* Tape.h in CopyFiles */,
				37BC9E361AC71FD7008718DC /* Upsampler.h in CopyFiles */,
				37BC9E371AC71FD7008718DC /* Utilities.h in CopyFiles */,
				37BC9E3A1AC71FD7008718DC /* WindowFunction.h in CopyFiles */,
			);
			runOnlyForDeploymentPostprocessing = 0;
		};
		37C031741ABB7D7000ABB47B /* CopyFiles */ = {
			isa = PBXCopyFilesBuildPhase;
			buildActionMask = 12;
			dstPath = /usr/local/lib;
			dstSubfolderSpec = 0;
			files = (
				37C031751ABB7D8000ABB47B /* libFxDSP.dylib in CopyFiles */,
			);
			runOnlyForDeploymentPostprocessing = 0;
		};
		37D3CBC11AD4D67D001E598C /* CopyFiles */ = {
			isa = PBXCopyFilesBuildPhase;
			buildActionMask = 2147483647;
			dstPath = /usr/share/man/man1/;
			dstSubfolderSpec = 0;
			files = (
			);
			runOnlyForDeploymentPostprocessing = 1;
		};
/* End PBXCopyFilesBuildPhase section */

/* Begin PBXFileReference section */
		370223311B4F0E5E00750735 /* Signals.cpp */ = {isa = PBXFileReference; fileEncoding = 4; lastKnownFileType = sourcecode.cpp.cpp; name = Signals.cpp; path = FxDSP/test/src/Signals.cpp; sourceTree = SOURCE_ROOT; };
		370223331B4F31B800750735 /* TestBS1770.cpp */ = {isa = PBXFileReference; fileEncoding = 4; lastKnownFileType = sourcecode.cpp.cpp; name = TestBS1770.cpp; path = FxDSP/test/src/TestBS1770.cpp; sourceTree = SOURCE_ROOT; };
		37139B4B1AFB0D8000207A08 /* TestLinkwitzRileyFilter.cpp */ = {isa = PBXFileReference; fileEncoding = 4; lastKnownFileType = sourcecode.cpp.cpp; name = TestLinkwitzRileyFilter.cpp; path = FxDSP/test/src/TestLinkwitzRileyFilter.cpp; sourceTree = SOURCE_ROOT; };
		3713FCCD1B16882D002C199A /* bs1770.c */ = {isa = PBXFileReference; fileEncoding = 4; lastKnownFileType = sourcecode.c.c; name = bs1770.c; path = FxDSP/src/bs1770.c; sourceTree = SOURCE_ROOT; };
		372664181CF5620000E11FE7 /* Stereo.h */ = {isa = PBXFileReference; fileEncoding = 4; lastKnownFileType = sourcecode.c.h; name = Stereo.h; path = FxDSP/include/Stereo.h; sourceTree = SOURCE_ROOT; };
		3726641B1CF5621A00E11FE7 /* Stereo.c */ = {isa = PBXFileReference; fileEncoding = 4; lastKnownFileType = sourcecode.c.c; name = Stereo.c; path = FxDSP/src/Stereo.c; sourceTree = SOURCE_ROOT; };
		37291C6D1D08F4F900387A90 /* SpectrumAnalyzer.h */ = {isa = PBXFileReference; fileEncoding = 4; lastKnownFileType = sourcecode.c.h; name = SpectrumAnalyzer.h; path = FxDSP/include/SpectrumAnalyzer.h; sourceTree = SOURCE_ROOT; };
		37291C701D08F67E00387A90 /* SpectrumAnalyzer.c */ = {isa = PBXFileReference; fileEncoding = 4; lastKnownFileType = sourcecode.c.c; name = SpectrumAnalyzer.c; path = FxDSP/src/SpectrumAnalyzer.c; sourceTree = SOURCE_ROOT; };
		37291C741D0907D300387A90 /* TestSpectrumAnalyzer.cpp */ = {isa = PBXFileReference; fileEncoding = 4; lastKnownFileType = sourcecode.cpp.cpp; name = TestSpectrumAnalyzer.cpp; path = FxDSP/test/src/TestSpectrumAnalyzer.cpp; sourceTree = SOURCE_ROOT; };
		373B1C8D1B005D7500B0B40D /* Decimator.h */ = {isa = PBXFileReference; fileEncoding = 4; lastKnownFileType = sourcecode.c.h; name = Decimator.h; path = FxDSP/include/Decimator.h; sourceTree = SOURCE_ROOT; };
		373B1C901B0060B900B0B40D /* Decimator.c */ = {isa = PBXFileReference; fileEncoding = 4; lastKnownFileType = sourcecode.c.c; name = Decimator.c; path = FxDSP/src/Decimator.c; sourceTree = SOURCE_ROOT; };
		373B1C961B006BAA00B0B40D /* PolyphaseCoeffs.c */ = {isa = PBXFileReference; fileEncoding = 4; lastKnownFileType = sourcecode.c.c; name = PolyphaseCoeffs.c; path = FxDSP/src/PolyphaseCoeffs.c; sourceTree = SOURCE_ROOT; };
		373CBAAD1AF71F3F00B488E8 /* TestPanLaw.cpp */ = {isa = PBXFileReference; fileEncoding = 4; lastKnownFileType = sourcecode.cpp.cpp; name = TestPanLaw.cpp; path = FxDSP/test/src/TestPanLaw.cpp; sourceTree = SOURCE_ROOT; };
		373CBAAF1AF722D600B488E8 /* TestUtilities.cpp */ = {isa = PBXFileReference; fileEncoding = 4; lastKnownFileType = sourcecode.cpp.cpp; name = TestUtilities.cpp; path = FxDSP/test/src/TestUtilities.cpp; sourceTree = SOURCE_ROOT; };
		376090911B6F1905009EF6E0 /* TestDiodeRectifier.cpp */ = {isa = PBXFileReference; fileEncoding = 4; lastKnownFileType = sourcecode.cpp.cpp; name = TestDiodeRectifier.cpp; path = FxDSP/test/src/TestDiodeRectifier.cpp; sourceTree = SOURCE_ROOT; };
		3769A0EB1B1EA27B00FF9560 /* bs1770.h */ = {isa = PBXFileReference; fileEncoding = 4; lastKnownFileType = sourcecode.c.h; name = bs1770.h; path = FxDSP/include/bs1770.h; sourceTree = SOURCE_ROOT; };
		376CF3771ADB56BF001486B7 /* TestFFT.cpp */ = {isa = PBXFileReference; fileEncoding = 4; lastKnownFileType = sourcecode.cpp.cpp; name = TestFFT.cpp; path = FxDSP/test/src/TestFFT.cpp; sourceTree = SOURCE_ROOT; };
		376CF3791ADB6849001486B7 /* TestMultibandFilterBank.cpp */ = {isa = PBXFileReference; fileEncoding = 4; lastKnownFileType = sourcecode.cpp.cpp; name = TestMultibandFilterBank.cpp; path = FxDSP/test/src/TestMultibandFilterBank.cpp; sourceTree = SOURCE_ROOT; };
		376CF37B1ADB7444001486B7 /* libfftw3.3.dylib */ = {isa = PBXFileReference; lastKnownFileType = "compiled.mach-o.dylib"; name = libfftw3.3.dylib; path = ../../../../../usr/local/Cellar/fftw/3.3.4_1/lib/libfftw3.3.dylib; sourceTree = "<group>"; };
		376CF37D1ADB747D001486B7 /* libfftw3f.3.dylib */ = {isa = PBXFileReference; lastKnownFileType = "compiled.mach-o.dylib"; name = libfftw3f.3.dylib; path = ../../../../../usr/local/Cellar/fftw/3.3.4_1/lib/libfftw3f.3.dylib; sourceTree = "<group>"; };
		376CF37F1ADB7492001486B7 /* libfftw3.a */ = {isa = PBXFileReference; lastKnownFileType = archive.ar; name = libfftw3.a; path = ../../../../../usr/local/Cellar/fftw/3.3.4_1/lib/libfftw3.a; sourceTree = "<group>"; };
		376CF3811ADB74A0001486B7 /* libfftw3f.a */ = {isa = PBXFileReference; lastKnownFileType = archive.ar; name = libfftw3f.a; path = ../../../../../usr/local/Cellar/fftw/3.3.4_1/lib/libfftw3f.a; sourceTree = "<group>"; };
		376ED3C91AF666980054BA36 /* MidiUtils.c */ = {isa = PBXFileReference; fileEncoding = 4; lastKnownFileType = sourcecode.c.c; name = MidiUtils.c; path = FxDSP/src/MidiUtils.c; sourceTree = SOURCE_ROOT; };
		376ED3CC1AF667B80054BA36 /* TestRMS.cpp */ = {isa = PBXFileReference; fileEncoding = 4; lastKnownFileType = sourcecode.cpp.cpp; name = TestRMS.cpp; path = FxDSP/test/src/TestRMS.cpp; sourceTree = SOURCE_ROOT; };
		3775E0771AD4EF3B00930665 /* Signals.h */ = {isa = PBXFileReference; fileEncoding = 4; lastKnownFileType = sourcecode.c.h; name = Signals.h; path = FxDSP/test/src/Signals.h; sourceTree = SOURCE_ROOT; };
		3775E0781AD4EF3B00930665 /* TestBiquadFilter.h */ = {isa = PBXFileReference; fileEncoding = 4; lastKnownFileType = sourcecode.c.h; name = TestBiquadFilter.h; path = FxDSP/test/src/TestBiquadFilter.h; sourceTree = SOURCE_ROOT; };
		3775E0791AD4EF3B00930665 /* testFFT.h */ = {isa = PBXFileReference; fileEncoding = 4; lastKnownFileType = sourcecode.c.h; name = testFFT.h; path = FxDSP/test/src/testFFT.h; sourceTree = SOURCE_ROOT; };
		3775E07A1AD4EF3B00930665 /* TestFIRFilter.h */ = {isa = PBXFileReference; fileEncoding = 4; lastKnownFileType = sourcecode.c.h; name = TestFIRFilter.h; path = FxDSP/test/src/TestFIRFilter.h; sourceTree = SOURCE_ROOT; };
		3775E07B1AD4EF3B00930665 /* TestOnePole.h */ = {isa = PBXFileReference; fileEncoding = 4; lastKnownFileType = sourcecode.c.h; name = TestOnePole.h; path = FxDSP/test/src/TestOnePole.h; sourceTree = SOURCE_ROOT; };
		3775E07E1AD4EF3B00930665 /* TestRBJFilter.h */ = {isa = PBXFileReference; fileEncoding = 4; lastKnownFileType = sourcecode.c.h; name = TestRBJFilter.h; path = FxDSP/test/src/TestRBJFilter.h; sourceTree = SOURCE_ROOT; };
		3775E07F1AD4EF3B00930665 /* TestWindowFunctions.h */ = {isa = PBXFileReference; fileEncoding = 4; lastKnownFileType = sourcecode.c.h; name = TestWindowFunctions.h; path = FxDSP/test/src/TestWindowFunctions.h; sourceTree = SOURCE_ROOT; };
		3775E0891AD4F05800930665 /* TestOnePole.cpp */ = {isa = PBXFileReference; fileEncoding = 4; lastKnownFileType = sourcecode.cpp.cpp; name = TestOnePole.cpp; path = FxDSP/test/src/TestOnePole.cpp; sourceTree = SOURCE_ROOT; };
		3775E08C1AD4F4EE00930665 /* TestDSP.cpp */ = {isa = PBXFileReference; fileEncoding = 4; lastKnownFileType = sourcecode.cpp.cpp; name = TestDSP.cpp; path = FxDSP/test/src/TestDSP.cpp; sourceTree = SOURCE_ROOT; };
		3775E08F1AD4F8A500930665 /* TestFIRFilter.cpp */ = {isa = PBXFileReference; fileEncoding = 4; lastKnownFileType = sourcecode.cpp.cpp; name = TestFIRFilter.cpp; path = FxDSP/test/src/TestFIRFilter.cpp; sourceTree = SOURCE_ROOT; };
		3775E0911AD501BB00930665 /* TestRBJFilter.cpp */ = {isa = PBXFileReference; fileEncoding = 4; lastKnownFileType = sourcecode.cpp.cpp; name = TestRBJFilter.cpp; path = FxDSP/test/src/TestRBJFilter.cpp; sourceTree = SOURCE_ROOT; };
		3775E0941AD605CA00930665 /* TestMidiUtils.cpp */ = {isa = PBXFileReference; fileEncoding = 4; lastKnownFileType = sourcecode.cpp.cpp; name = TestMidiUtils.cpp; path = FxDSP/test/src/TestMidiUtils.cpp; sourceTree = SOURCE_ROOT; };
		3775E0961AD6072200930665 /* DiodeSaturator.h */ = {isa = PBXFileReference; fileEncoding = 4; lastKnownFileType = sourcecode.c.h; name = DiodeSaturator.h; path = FxDSP/include/DiodeSaturator.h; sourceTree = SOURCE_ROOT; };
		3775E0971AD6072C00930665 /* DiodeSaturator.c */ = {isa = PBXFileReference; fileEncoding = 4; lastKnownFileType = sourcecode.c.c; name = DiodeSaturator.c; path = FxDSP/src/DiodeSaturator.c; sourceTree = SOURCE_ROOT; };
		3775E09E1AD60A5100930665 /* TestWindowFunctions.cpp */ = {isa = PBXFileReference; fileEncoding = 4; lastKnownFileType = sourcecode.cpp.cpp; name = TestWindowFunctions.cpp; path = FxDSP/test/src/TestWindowFunctions.cpp; sourceTree = SOURCE_ROOT; };
		37BD93041B139082009238D4 /* TestUpsampler.cpp */ = {isa = PBXFileReference; fileEncoding = 4; lastKnownFileType = sourcecode.cpp.cpp; name = TestUpsampler.cpp; path = FxDSP/test/src/TestUpsampler.cpp; sourceTree = SOURCE_ROOT; };
		37BD93061B13A46C009238D4 /* TestDecimator.cpp */ = {isa = PBXFileReference; fileEncoding = 4; lastKnownFileType = sourcecode.cpp.cpp; name = TestDecimator.cpp; path = FxDSP/test/src/TestDecimator.cpp; sourceTree = SOURCE_ROOT; };
		37C0309A1ABB5EA800ABB47B /* BiquadFilter.h */ = {isa = PBXFileReference; fileEncoding = 4; lastKnownFileType = sourcecode.c.h; name = BiquadFilter.h; path = FxDSP/include/BiquadFilter.h; sourceTree = SOURCE_ROOT; };
		37C0309B1ABB5EA800ABB47B /* CircularBuffer.h */ = {isa = PBXFileReference; fileEncoding = 4; lastKnownFileType = sourcecode.c.h; name = CircularBuffer.h; path = FxDSP/include/CircularBuffer.h; sourceTree = SOURCE_ROOT; };
		37C0309D1ABB5EA800ABB47B /* DiodeRectifier.h */ = {isa = PBXFileReference; fileEncoding = 4; lastKnownFileType = sourcecode.c.h; name = DiodeRectifier.h; path = FxDSP/include/DiodeRectifier.h; sourceTree = SOURCE_ROOT; };
		37C0309E1ABB5EA800ABB47B /* Dsp.h */ = {isa = PBXFileReference; fileEncoding = 4; lastKnownFileType = sourcecode.c.h; name = Dsp.h; path = FxDSP/include/Dsp.h; sourceTree = SOURCE_ROOT; };
		37C0309F1ABB5EA800ABB47B /* Error.h */ = {isa = PBXFileReference; fileEncoding = 4; lastKnownFileType = sourcecode.c.h; name = Error.h; path = FxDSP/include/Error.h; sourceTree = SOURCE_ROOT; };
		37C030A01ABB5EA800ABB47B /* FFT.h */ = {isa = PBXFileReference; fileEncoding = 4; lastKnownFileType = sourcecode.c.h; name = FFT.h; path = FxDSP/include/FFT.h; sourceTree = SOURCE_ROOT; };
		37C030A11ABB5EA800ABB47B /* FilterTypes.h */ = {isa = PBXFileReference; fileEncoding = 4; lastKnownFileType = sourcecode.c.h; name = FilterTypes.h; path = FxDSP/include/FilterTypes.h; sourceTree = SOURCE_ROOT; };
		37C030A21ABB5EA800ABB47B /* FIRFilter.h */ = {isa = PBXFileReference; fileEncoding = 4; lastKnownFileType = sourcecode.c.h; name = FIRFilter.h; path = FxDSP/include/FIRFilter.h; sourceTree = SOURCE_ROOT; };
		37C030A31ABB5EA800ABB47B /* LadderFilter.h */ = {isa = PBXFileReference; fileEncoding = 4; lastKnownFileType = sourcecode.c.h; name = LadderFilter.h; path = FxDSP/include/LadderFilter.h; sourceTree = SOURCE_ROOT; };
		37C030A41ABB5EA800ABB47B /* LinkwitzRileyFilter.h */ = {isa = PBXFileReference; fileEncoding = 4; lastKnownFileType = sourcecode.c.h; name = LinkwitzRileyFilter.h; path = FxDSP/include/LinkwitzRileyFilter.h; sourceTree = SOURCE_ROOT; };
		37C030A51ABB5EA800ABB47B /* MidiUtils.h */ = {isa = PBXFileReference; fileEncoding = 4; lastKnownFileType = sourcecode.c.h; name = MidiUtils.h; path = FxDSP/include/MidiUtils.h; sourceTree = SOURCE_ROOT; };
		37C030A61ABB5EA800ABB47B /* MultibandBank.h */ = {isa = PBXFileReference; fileEncoding = 4; lastKnownFileType = sourcecode.c.h; name = MultibandBank.h; path = FxDSP/include/MultibandBank.h; sourceTree = SOURCE_ROOT; };
		37C030A71ABB5EA800ABB47B /* OnePole.h */ = {isa = PBXFileReference; fileEncoding = 4; lastKnownFileType = sourcecode.c.h; name = OnePole.h; path = FxDSP/include/OnePole.h; sourceTree = SOURCE_ROOT; };
		37C030A81ABB5EA800ABB47B /* Optocoupler.h */ = {isa = PBXFileReference; fileEncoding = 4; lastKnownFileType = sourcecode.c.h; name = Optocoupler.h; path = FxDSP/include/Optocoupler.h; sourceTree = SOURCE_ROOT; xcLanguageSpecificationIdentifier = xcode.lang.c; };
		37C030A91ABB5EA800ABB47B /* PolyphaseCoeffs.h */ = {isa = PBXFileReference; fileEncoding = 4; lastKnownFileType = sourcecode.c.h; name = PolyphaseCoeffs.h; path = FxDSP/include/PolyphaseCoeffs.h; sourceTree = SOURCE_ROOT; };
		37C030AA1ABB5EA800ABB47B /* PolySaturator.h */ = {isa = PBXFileReference; fileEncoding = 4; lastKnownFileType = sourcecode.c.h; name = PolySaturator.h; path = FxDSP/include/PolySaturator.h; sourceTree = SOURCE_ROOT; };
		37C030AB1ABB5EA800ABB47B /* RBJFilter.h */ = {isa = PBXFileReference; fileEncoding = 4; lastKnownFileType = sourcecode.c.h; name = RBJFilter.h; path = FxDSP/include/RBJFilter.h; sourceTree = SOURCE_ROOT; };
		37C030AC1ABB5EA800ABB47B /* RMSEstimator.h */ = {isa = PBXFileReference; fileEncoding = 4; lastKnownFileType = sourcecode.c.h; name = RMSEstimator.h; path = FxDSP/include/RMSEstimator.h; sourceTree = SOURCE_ROOT; };
		37C030AD1ABB5EA800ABB47B /* Tape.h */ = {isa = PBXFileReference; fileEncoding = 4; lastKnownFileType = sourcecode.c.h; name = Tape.h; path = FxDSP/include/Tape.h; sourceTree = SOURCE_ROOT; };
		37C030AE1ABB5EA800ABB47B /* Upsampler.h */ = {isa = PBXFileReference; fileEncoding = 4; lastKnownFileType = sourcecode.c.h; name = Upsampler.h; path = FxDSP/include/Upsampler.h; sourceTree = SOURCE_ROOT; };
		37C030AF1ABB5EA800ABB47B /* Utilities.h */ = {isa = PBXFileReference; fileEncoding = 4; lastKnownFileType = sourcecode.c.h; name = Utilities.h; path = FxDSP/include/Utilities.h; sourceTree = SOURCE_ROOT; };
		37C030B21ABB5EA800ABB47B /* WindowFunction.h */ = {isa = PBXFileReference; fileEncoding = 4; lastKnownFileType = sourcecode.c.h; name = WindowFunction.h; path = FxDSP/include/WindowFunction.h; sourceTree = SOURCE_ROOT; };
		37C030CC1ABB5EBF00ABB47B /* BiquadFilter.c */ = {isa = PBXFileReference; fileEncoding = 4; lastKnownFileType = sourcecode.c.c; name = BiquadFilter.c; path = FxDSP/src/BiquadFilter.c; sourceTree = SOURCE_ROOT; };
		37C030CD1ABB5EBF00ABB47B /* CircularBuffer.c */ = {isa = PBXFileReference; fileEncoding = 4; lastKnownFileType = sourcecode.c.c; name = CircularBuffer.c; path = FxDSP/src/CircularBuffer.c; sourceTree = SOURCE_ROOT; };
		37C030CF1ABB5EBF00ABB47B /* DiodeRectifier.c */ = {isa = PBXFileReference; fileEncoding = 4; lastKnownFileType = sourcecode.c.c; name = DiodeRectifier.c; path = FxDSP/src/DiodeRectifier.c; sourceTree = SOURCE_ROOT; };
		37C030D01ABB5EBF00ABB47B /* Dsp.c */ = {isa = PBXFileReference; fileEncoding = 4; lastKnownFileType = sourcecode.c.c; name = Dsp.c; path = FxDSP/src/Dsp.c; sourceTree = SOURCE_ROOT; };
		37C030D11ABB5EBF00ABB47B /* FFT.c */ = {isa = PBXFileReference; fileEncoding = 4; lastKnownFileType = sourcecode.c.c; name = FFT.c; path = FxDSP/src/FFT.c; sourceTree = SOURCE_ROOT; };
		37C030D21ABB5EBF00ABB47B /* FIRFilter.c */ = {isa = PBXFileReference; fileEncoding = 4; lastKnownFileType = sourcecode.c.c; name = FIRFilter.c; path = FxDSP/src/FIRFilter.c; sourceTree = SOURCE_ROOT; };
		37C030D31ABB5EBF00ABB47B /* LadderFilter.c */ = {isa = PBXFileReference; fileEncoding = 4; lastKnownFileType = sourcecode.c.c; name = LadderFilter.c; path = FxDSP/src/LadderFilter.c; sourceTree = SOURCE_ROOT; };
		37C030D41ABB5EBF00ABB47B /* LinkwitzRileyFilter.c */ = {isa = PBXFileReference; fileEncoding = 4; lastKnownFileType = sourcecode.c.c; name = LinkwitzRileyFilter.c; path = FxDSP/src/LinkwitzRileyFilter.c; sourceTree = SOURCE_ROOT; };
		37C030D51ABB5EBF00ABB47B /* MultibandBank.c */ = {isa = PBXFileReference; fileEncoding = 4; lastKnownFileType = sourcecode.c.c; name = MultibandBank.c; path = FxDSP/src/MultibandBank.c; sourceTree = SOURCE_ROOT; };
		37C030D61ABB5EBF00ABB47B /* OnePole.c */ = {isa = PBXFileReference; fileEncoding = 4; lastKnownFileType = sourcecode.c.c; name = OnePole.c; path = FxDSP/src/OnePole.c; sourceTree = SOURCE_ROOT; };
		37C030D71ABB5EBF00ABB47B /* Optocoupler.c */ = {isa = PBXFileReference; fileEncoding = 4; lastKnownFileType = sourcecode.c.c; name = Optocoupler.c; path = FxDSP/src/Optocoupler.c; sourceTree = SOURCE_ROOT; };
		37C030D81ABB5EBF00ABB47B /* PolySaturator.c */ = {isa = PBXFileReference; fileEncoding = 4; lastKnownFileType = sourcecode.c.c; name = PolySaturator.c; path = FxDSP/src/PolySaturator.c; sourceTree = SOURCE_ROOT; };
		37C030D91ABB5EBF00ABB47B /* RBJFilter.c */ = {isa = PBXFileReference; fileEncoding = 4; lastKnownFileType = sourcecode.c.c; name = RBJFilter.c; path = FxDSP/src/RBJFilter.c; sourceTree = SOURCE_ROOT; };
		37C030DA1ABB5EBF00ABB47B /* RMSEstimator.c */ = {isa = PBXFileReference; fileEncoding = 4; lastKnownFileType = sourcecode.c.c; name = RMSEstimator.c; path = FxDSP/src/RMSEstimator.c; sourceTree = SOURCE_ROOT; };
		37C030DB1ABB5EBF00ABB47B /* Tape.c */ = {isa = PBXFileReference; fileEncoding = 4; lastKnownFileType = sourcecode.c.c; name = Tape.c; path = FxDSP/src/Tape.c; sourceTree = SOURCE_ROOT; };
		37C030DC1ABB5EBF00ABB47B /* Upsampler.c */ = {isa = PBXFileReference; fileEncoding = 4; lastKnownFileType = sourcecode.c.c; name = Upsampler.c; path = FxDSP/src/Upsampler.c; sourceTree = SOURCE_ROOT; };
		37C030DD1ABB5EBF00ABB47B /* Utilities.c */ = {isa = PBXFileReference; fileEncoding = 4; lastKnownFileType = sourcecode.c.c; name = Utilities.c; path = FxDSP/src/Utilities.c; sourceTree = SOURCE_ROOT; };
		37C030E01ABB5EBF00ABB47B /* WindowFunction.c */ = {isa = PBXFileReference; fileEncoding = 4; lastKnownFileType = sourcecode.c.c; name = WindowFunction.c; path = FxDSP/src/WindowFunction.c; sourceTree = SOURCE_ROOT; };
		37C0317A1ABB7E0200ABB47B /* libFxDSP.a */ = {isa = PBXFileReference; explicitFileType = archive.ar; includeInIndex = 0; path = libFxDSP.a; sourceTree = BUILT_PRODUCTS_DIR; };
		37CDDD8C1AC9C82F001B96BA /* PanLaw.h */ = {isa = PBXFileReference; fileEncoding = 4; lastKnownFileType = sourcecode.c.h; name = PanLaw.h; path = FxDSP/include/PanLaw.h; sourceTree = SOURCE_ROOT; };
		37CDDD8E1AC9C83C001B96BA /* PanLaw.c */ = {isa = PBXFileReference; fileEncoding = 4; lastKnownFileType = sourcecode.c.c; name = PanLaw.c; path = FxDSP/src/PanLaw.c; sourceTree = SOURCE_ROOT; };
		37D3CBBD1AD4D654001E598C /* TestBiquadFilter.cpp */ = {isa = PBXFileReference; fileEncoding = 4; lastKnownFileType = sourcecode.cpp.cpp; name = TestBiquadFilter.cpp; path = FxDSP/test/src/TestBiquadFilter.cpp; sourceTree = SOURCE_ROOT; };
		37D3CBC31AD4D67D001E598C /* Test */ = {isa = PBXFileReference; explicitFileType = "compiled.mach-o.executable"; includeInIndex = 0; path = Test; sourceTree = BUILT_PRODUCTS_DIR; };
		37D3CBCB1AD4D747001E598C /* main.cpp */ = {isa = PBXFileReference; fileEncoding = 4; lastKnownFileType = sourcecode.cpp.cpp; name = main.cpp; path = FxDSP/test/src/main.cpp; sourceTree = SOURCE_ROOT; };
		37D3CBCE1AD4D82C001E598C /* libgtest.a */ = {isa = PBXFileReference; lastKnownFileType = archive.ar; name = libgtest.a; path = ../../../../../usr/local/lib/libgtest.a; sourceTree = "<group>"; };
		37D3CBD31AD4DCC2001E598C /* TestCircularBuffer.cpp */ = {isa = PBXFileReference; fileEncoding = 4; lastKnownFileType = sourcecode.cpp.cpp; name = TestCircularBuffer.cpp; path = FxDSP/test/src/TestCircularBuffer.cpp; sourceTree = SOURCE_ROOT; };
		37D4B2EA1CCC27A800A5A0F7 /* TestOptocoupler.cpp */ = {isa = PBXFileReference; fileEncoding = 4; lastKnownFileType = sourcecode.cpp.cpp; name = TestOptocoupler.cpp; path = FxDSP/test/src/TestOptocoupler.cpp; sourceTree = SOURCE_ROOT; };
		37DC0C481B0FF80000C20827 /* Metering.c */ = {isa = PBXFileReference; fileEncoding = 4; lastKnownFileType = sourcecode.c.c; name = Metering.c; path = FxDSP/src/Metering.c; sourceTree = SOURCE_ROOT; };
		37DC0C4E1B0FF83700C20827 /* Metering.h */ = {isa = PBXFileReference; fileEncoding = 4; lastKnownFileType = sourcecode.c.h; name = Metering.h; path = FxDSP/include/Metering.h; sourceTree = SOURCE_ROOT; };
		37DC0C511B0FF8CA00C20827 /* TestMetering.cpp */ = {isa = PBXFileReference; fileEncoding = 4; lastKnownFileType = sourcecode.cpp.cpp; name = TestMetering.cpp; path = FxDSP/test/src/TestMetering.cpp; sourceTree = SOURCE_ROOT; };
		37EAC0E71818AE2F00736C52 /* libFxDSP.dylib */ = {isa = PBXFileReference; explicitFileType = "compiled.mach-o.dylib"; includeInIndex = 0; path = libFxDSP.dylib; sourceTree = BUILT_PRODUCTS_DIR; };
		37EAC1281818AEE000736C52 /* Accelerate.framework */ = {isa = PBXFileReference; lastKnownFileType = wrapper.framework; name = Accelerate.framework; path = System/Library/Frameworks/Accelerate.framework; sourceTree = SDKROOT; };
		37EAC18C1818B09A00736C52 /* XCTest.framework */ = {isa = PBXFileReference; lastKnownFileType = wrapper.framework; name = XCTest.framework; path = Library/Frameworks/XCTest.framework; sourceTree = DEVELOPER_DIR; };
/* End PBXFileReference section */

/* Begin PBXFrameworksBuildPhase section */
		37C031771ABB7E0200ABB47B /* Frameworks */ = {
			isa = PBXFrameworksBuildPhase;
			buildActionMask = 2147483647;
			files = (
				376CF3821ADB74A0001486B7 /* libfftw3f.a in Frameworks */,
				376CF3801ADB7492001486B7 /* libfftw3.a in Frameworks */,
				37C031931ABB7E3F00ABB47B /* Accelerate.framework in Frameworks */,
			);
			runOnlyForDeploymentPostprocessing = 0;
		};
		37D3CBC01AD4D67D001E598C /* Frameworks */ = {
			isa = PBXFrameworksBuildPhase;
			buildActionMask = 2147483647;
			files = (
				37D3CBD21AD4D96E001E598C /* libFxDSP.a in Frameworks */,
				37D3CBCF1AD4D82C001E598C /* libgtest.a in Frameworks */,
			);
			runOnlyForDeploymentPostprocessing = 0;
		};
		37EAC0E41818AE2F00736C52 /* Frameworks */ = {
			isa = PBXFrameworksBuildPhase;
			buildActionMask = 2147483647;
			files = (
				376CF37E1ADB747D001486B7 /* libfftw3f.3.dylib in Frameworks */,
				376CF37C1ADB7444001486B7 /* libfftw3.3.dylib in Frameworks */,
				37EAC1291818AEE000736C52 /* Accelerate.framework in Frameworks */,
			);
			runOnlyForDeploymentPostprocessing = 0;
		};
/* End PBXFrameworksBuildPhase section */

/* Begin PBXGroup section */
		37695F83182325FD00EFA54F /* FxDSP */ = {
			isa = PBXGroup;
			children = (
				37C031121ABB659400ABB47B /* test */,
				37695F84182325FD00EFA54F /* include */,
				37695F95182325FD00EFA54F /* src */,
			);
			name = FxDSP;
			path = Library;
			sourceTree = "<group>";
		};
		37695F84182325FD00EFA54F /* include */ = {
			isa = PBXGroup;
			children = (
				37C0309A1ABB5EA800ABB47B /* BiquadFilter.h */,
				3769A0EB1B1EA27B00FF9560 /* bs1770.h */,
				37C0309B1ABB5EA800ABB47B /* CircularBuffer.h */,
				373B1C8D1B005D7500B0B40D /* Decimator.h */,
				37C0309D1ABB5EA800ABB47B /* DiodeRectifier.h */,
				3775E0961AD6072200930665 /* DiodeSaturator.h */,
				37C0309E1ABB5EA800ABB47B /* Dsp.h */,
				37C0309F1ABB5EA800ABB47B /* Error.h */,
				37C030A01ABB5EA800ABB47B /* FFT.h */,
				37C030A11ABB5EA800ABB47B /* FilterTypes.h */,
				37C030A21ABB5EA800ABB47B /* FIRFilter.h */,
				37C030A31ABB5EA800ABB47B /* LadderFilter.h */,
				37C030A41ABB5EA800ABB47B /* LinkwitzRileyFilter.h */,
				37DC0C4E1B0FF83700C20827 /* Metering.h */,
				37C030A51ABB5EA800ABB47B /* MidiUtils.h */,
				37C030A61ABB5EA800ABB47B /* MultibandBank.h */,
				37C030A71ABB5EA800ABB47B /* OnePole.h */,
				37C030A81ABB5EA800ABB47B /* Optocoupler.h */,
				37CDDD8C1AC9C82F001B96BA /* PanLaw.h */,
				37C030A91ABB5EA800ABB47B /* PolyphaseCoeffs.h */,
				37C030AA1ABB5EA800ABB47B /* PolySaturator.h */,
				37C030AB1ABB5EA800ABB47B /* RBJFilter.h */,
				37C030AC1ABB5EA800ABB47B /* RMSEstimator.h */,
				372664181CF5620000E11FE7 /* Stereo.h */,
				37C030AD1ABB5EA800ABB47B /* Tape.h */,
				37C030AE1ABB5EA800ABB47B /* Upsampler.h */,
				37C030AF1ABB5EA800ABB47B /* Utilities.h */,
				37C030B21ABB5EA800ABB47B /* WindowFunction.h */,
				37291C6D1D08F4F900387A90 /* SpectrumAnalyzer.h */,
			);
			path = include;
			sourceTree = "<group>";
		};
		37695F95182325FD00EFA54F /* src */ = {
			isa = PBXGroup;
			children = (
				37C030CC1ABB5EBF00ABB47B /* BiquadFilter.c */,
				3713FCCD1B16882D002C199A /* bs1770.c */,
				37C030CD1ABB5EBF00ABB47B /* CircularBuffer.c */,
				373B1C901B0060B900B0B40D /* Decimator.c */,
				37C030CF1ABB5EBF00ABB47B /* DiodeRectifier.c */,
				3775E0971AD6072C00930665 /* DiodeSaturator.c */,
				37C030D01ABB5EBF00ABB47B /* Dsp.c */,
				37C030D11ABB5EBF00ABB47B /* FFT.c */,
				37C030D21ABB5EBF00ABB47B /* FIRFilter.c */,
				37C030D31ABB5EBF00ABB47B /* LadderFilter.c */,
				37C030D41ABB5EBF00ABB47B /* LinkwitzRileyFilter.c */,
				37DC0C481B0FF80000C20827 /* Metering.c */,
				376ED3C91AF666980054BA36 /* MidiUtils.c */,
				37C030D51ABB5EBF00ABB47B /* MultibandBank.c */,
				37C030D61ABB5EBF00ABB47B /* OnePole.c */,
				37C030D71ABB5EBF00ABB47B /* Optocoupler.c */,
				37CDDD8E1AC9C83C001B96BA /* PanLaw.c */,
				373B1C961B006BAA00B0B40D /* PolyphaseCoeffs.c */,
				37C030D81ABB5EBF00ABB47B /* PolySaturator.c */,
				37C030D91ABB5EBF00ABB47B /* RBJFilter.c */,
				37C030DA1ABB5EBF00ABB47B /* RMSEstimator.c */,
				37C030DB1ABB5EBF00ABB47B /* Tape.c */,
				37C030DC1ABB5EBF00ABB47B /* Upsampler.c */,
				37C030DD1ABB5EBF00ABB47B /* Utilities.c */,
				37C030E01ABB5EBF00ABB47B /* WindowFunction.c */,
				3726641B1CF5621A00E11FE7 /* Stereo.c */,
				37291C701D08F67E00387A90 /* SpectrumAnalyzer.c */,
			);
			path = src;
			sourceTree = "<group>";
		};
		37C031121ABB659400ABB47B /* test */ = {
			isa = PBXGroup;
			children = (
				37C0311C1ABB65B900ABB47B /* src */,
			);
			name = test;
			sourceTree = "<group>";
		};
		37C0311C1ABB65B900ABB47B /* src */ = {
			isa = PBXGroup;
			children = (
				370223311B4F0E5E00750735 /* Signals.cpp */,
				3775E0771AD4EF3B00930665 /* Signals.h */,
				3775E0781AD4EF3B00930665 /* TestBiquadFilter.h */,
				3775E0791AD4EF3B00930665 /* testFFT.h */,
				3775E07A1AD4EF3B00930665 /* TestFIRFilter.h */,
				3775E07B1AD4EF3B00930665 /* TestOnePole.h */,
				3775E07E1AD4EF3B00930665 /* TestRBJFilter.h */,
				3775E07F1AD4EF3B00930665 /* TestWindowFunctions.h */,
				37D3CBCB1AD4D747001E598C /* main.cpp */,
				37D3CBBD1AD4D654001E598C /* TestBiquadFilter.cpp */,
				37D3CBD31AD4DCC2001E598C /* TestCircularBuffer.cpp */,
				3775E0891AD4F05800930665 /* TestOnePole.cpp */,
				3775E08C1AD4F4EE00930665 /* TestDSP.cpp */,
				3775E08F1AD4F8A500930665 /* TestFIRFilter.cpp */,
				3775E0911AD501BB00930665 /* TestRBJFilter.cpp */,
				3775E0941AD605CA00930665 /* TestMidiUtils.cpp */,
				3775E09E1AD60A5100930665 /* TestWindowFunctions.cpp */,
				376CF3771ADB56BF001486B7 /* TestFFT.cpp */,
				376CF3791ADB6849001486B7 /* TestMultibandFilterBank.cpp */,
				376ED3CC1AF667B80054BA36 /* TestRMS.cpp */,
				373CBAAD1AF71F3F00B488E8 /* TestPanLaw.cpp */,
				37D4B2EA1CCC27A800A5A0F7 /* TestOptocoupler.cpp */,
				373CBAAF1AF722D600B488E8 /* TestUtilities.cpp */,
				37139B4B1AFB0D8000207A08 /* TestLinkwitzRileyFilter.cpp */,
				37DC0C511B0FF8CA00C20827 /* TestMetering.cpp */,
				37BD93041B139082009238D4 /* TestUpsampler.cpp */,
				37BD93061B13A46C009238D4 /* TestDecimator.cpp */,
				370223331B4F31B800750735 /* TestBS1770.cpp */,
				376090911B6F1905009EF6E0 /* TestDiodeRectifier.cpp */,
				37291C741D0907D300387A90 /* TestSpectrumAnalyzer.cpp */,
			);
			name = src;
			sourceTree = "<group>";
		};
		37EAC0DE1818AE2F00736C52 = {
			isa = PBXGroup;
			children = (
				37695F83182325FD00EFA54F /* FxDSP */,
				37EAC18B1818B09A00736C52 /* Frameworks */,
				37EAC0E81818AE2F00736C52 /* Products */,
			);
			sourceTree = "<group>";
		};
		37EAC0E81818AE2F00736C52 /* Products */ = {
			isa = PBXGroup;
			children = (
				37EAC0E71818AE2F00736C52 /* libFxDSP.dylib */,
				37C0317A1ABB7E0200ABB47B /* libFxDSP.a */,
				37D3CBC31AD4D67D001E598C /* Test */,
			);
			name = Products;
			sourceTree = "<group>";
		};
		37EAC18B1818B09A00736C52 /* Frameworks */ = {
			isa = PBXGroup;
			children = (
				376CF3811ADB74A0001486B7 /* libfftw3f.a */,
				376CF37F1ADB7492001486B7 /* libfftw3.a */,
				376CF37D1ADB747D001486B7 /* libfftw3f.3.dylib */,
				376CF37B1ADB7444001486B7 /* libfftw3.3.dylib */,
				37D3CBCE1AD4D82C001E598C /* libgtest.a */,
				37EAC1281818AEE000736C52 /* Accelerate.framework */,
				37EAC18C1818B09A00736C52 /* XCTest.framework */,
			);
			name = Frameworks;
			sourceTree = "<group>";
		};
/* End PBXGroup section */

/* Begin PBXHeadersBuildPhase section */
		37C031781ABB7E0200ABB47B /* Headers */ = {
			isa = PBXHeadersBuildPhase;
			buildActionMask = 2147483647;
			files = (
				37C031941ABB7E4D00ABB47B /* BiquadFilter.h in Headers */,
				37C031951ABB7E4D00ABB47B /* CircularBuffer.h in Headers */,
				37C031971ABB7E4D00ABB47B /* DiodeRectifier.h in Headers */,
				37291C6F1D08F4F900387A90 /* SpectrumAnalyzer.h in Headers */,
				37C031981ABB7E4D00ABB47B /* Dsp.h in Headers */,
				37C031991ABB7E4D00ABB47B /* Error.h in Headers */,
				37C0319A1ABB7E4D00ABB47B /* FFT.h in Headers */,
				37C0319B1ABB7E4D00ABB47B /* FilterTypes.h in Headers */,
				37C0319C1ABB7E4D00ABB47B /* FIRFilter.h in Headers */,
				37C0319D1ABB7E4D00ABB47B /* LadderFilter.h in Headers */,
				37C0319E1ABB7E4D00ABB47B /* LinkwitzRileyFilter.h in Headers */,
				37C0319F1ABB7E4D00ABB47B /* MidiUtils.h in Headers */,
				3769A0ED1B1EA27B00FF9560 /* bs1770.h in Headers */,
				37C031A01ABB7E4D00ABB47B /* MultibandBank.h in Headers */,
				37C031A11ABB7E4D00ABB47B /* OnePole.h in Headers */,
				37C031A21ABB7E4D00ABB47B /* Optocoupler.h in Headers */,
				373B1C8F1B005D7500B0B40D /* Decimator.h in Headers */,
				37C031A31ABB7E4D00ABB47B /* PolyphaseCoeffs.h in Headers */,
				37C031A41ABB7E4D00ABB47B /* PolySaturator.h in Headers */,
				37C031A51ABB7E4D00ABB47B /* RBJFilter.h in Headers */,
				37C031A61ABB7E4D00ABB47B /* RMSEstimator.h in Headers */,
				37C031A71ABB7E4D00ABB47B /* Tape.h in Headers */,
				3726641A1CF5620000E11FE7 /* Stereo.h in Headers */,
				37C031A81ABB7E4D00ABB47B /* Upsampler.h in Headers */,
				37C031A91ABB7E4D00ABB47B /* Utilities.h in Headers */,
				37BE91AC1ACADE270068DDD5 /* PanLaw.h in Headers */,
				37C031AC1ABB7E4D00ABB47B /* WindowFunction.h in Headers */,
				37DC0C501B0FF83800C20827 /* Metering.h in Headers */,
			);
			runOnlyForDeploymentPostprocessing = 0;
		};
		37EAC0E51818AE2F00736C52 /* Headers */ = {
			isa = PBXHeadersBuildPhase;
			buildActionMask = 2147483647;
			files = (
				37C030B71ABB5EA800ABB47B /* Dsp.h in Headers */,
				37C030B31ABB5EA800ABB47B /* BiquadFilter.h in Headers */,
				37C030B91ABB5EA800ABB47B /* FFT.h in Headers */,
				37291C6E1D08F4F900387A90 /* SpectrumAnalyzer.h in Headers */,
				37C030BB1ABB5EA800ABB47B /* FIRFilter.h in Headers */,
				37C030BF1ABB5EA800ABB47B /* MultibandBank.h in Headers */,
				37C030CB1ABB5EA800ABB47B /* WindowFunction.h in Headers */,
				37C030B41ABB5EA800ABB47B /* CircularBuffer.h in Headers */,
				37C030C41ABB5EA800ABB47B /* RBJFilter.h in Headers */,
				3775E0831AD4EF3B00930665 /* TestFIRFilter.h in Headers */,
				3769A0EC1B1EA27B00FF9560 /* bs1770.h in Headers */,
				37C030BE1ABB5EA800ABB47B /* MidiUtils.h in Headers */,
				37C030BD1ABB5EA800ABB47B /* LinkwitzRileyFilter.h in Headers */,
				37C030C51ABB5EA800ABB47B /* RMSEstimator.h in Headers */,
				3775E0811AD4EF3B00930665 /* TestBiquadFilter.h in Headers */,
				37C030C21ABB5EA800ABB47B /* PolyphaseCoeffs.h in Headers */,
				37C030C31ABB5EA800ABB47B /* PolySaturator.h in Headers */,
				37C030BC1ABB5EA800ABB47B /* LadderFilter.h in Headers */,
				37C030BA1ABB5EA800ABB47B /* FilterTypes.h in Headers */,
				373B1C8E1B005D7500B0B40D /* Decimator.h in Headers */,
				37DC0C4F1B0FF83800C20827 /* Metering.h in Headers */,
				3775E0881AD4EF3B00930665 /* TestWindowFunctions.h in Headers */,
				37C030B61ABB5EA800ABB47B /* DiodeRectifier.h in Headers */,
				372664191CF5620000E11FE7 /* Stereo.h in Headers */,
				3775E0801AD4EF3B00930665 /* Signals.h in Headers */,
				37C030C01ABB5EA800ABB47B /* OnePole.h in Headers */,
				3775E0871AD4EF3B00930665 /* TestRBJFilter.h in Headers */,
				37C030C61ABB5EA800ABB47B /* Tape.h in Headers */,
				37C030C81ABB5EA800ABB47B /* Utilities.h in Headers */,
				3775E0821AD4EF3B00930665 /* testFFT.h in Headers */,
				37C030B81ABB5EA800ABB47B /* Error.h in Headers */,
				37CDDD8D1AC9C82F001B96BA /* PanLaw.h in Headers */,
				3775E0841AD4EF3B00930665 /* TestOnePole.h in Headers */,
				37C030C71ABB5EA800ABB47B /* Upsampler.h in Headers */,
				37C030C11ABB5EA800ABB47B /* Optocoupler.h in Headers */,
			);
			runOnlyForDeploymentPostprocessing = 0;
		};
/* End PBXHeadersBuildPhase section */

/* Begin PBXNativeTarget section */
		37C031791ABB7E0200ABB47B /* FxDSP Static */ = {
			isa = PBXNativeTarget;
			buildConfigurationList = 37C0317B1ABB7E0200ABB47B /* Build configuration list for PBXNativeTarget "FxDSP Static" */;
			buildPhases = (
				37C031761ABB7E0200ABB47B /* Sources */,
				37C031771ABB7E0200ABB47B /* Frameworks */,
				37C031781ABB7E0200ABB47B /* Headers */,
				37BC9E061AC71EEE008718DC /* CopyFiles */,
				37BC9E211AC71FAB008718DC /* CopyFiles */,
			);
			buildRules = (
			);
			dependencies = (
			);
			name = "FxDSP Static";
			productName = "FxDSP Static";
			productReference = 37C0317A1ABB7E0200ABB47B /* libFxDSP.a */;
			productType = "com.apple.product-type.library.static";
		};
		37D3CBC21AD4D67D001E598C /* Test */ = {
			isa = PBXNativeTarget;
			buildConfigurationList = 37D3CBC71AD4D67D001E598C /* Build configuration list for PBXNativeTarget "Test" */;
			buildPhases = (
				37D3CBBF1AD4D67D001E598C /* Sources */,
				37D3CBC01AD4D67D001E598C /* Frameworks */,
				37D3CBC11AD4D67D001E598C /* CopyFiles */,
			);
			buildRules = (
			);
			dependencies = (
				37D3CBD11AD4D969001E598C /* PBXTargetDependency */,
			);
			name = Test;
			productName = Test;
			productReference = 37D3CBC31AD4D67D001E598C /* Test */;
			productType = "com.apple.product-type.tool";
		};
		37EAC0E61818AE2F00736C52 /* FxDSP */ = {
			isa = PBXNativeTarget;
			buildConfigurationList = 37EAC0EB1818AE2F00736C52 /* Build configuration list for PBXNativeTarget "FxDSP" */;
			buildPhases = (
				37EAC0E31818AE2F00736C52 /* Sources */,
				37EAC0E41818AE2F00736C52 /* Frameworks */,
				37EAC0E51818AE2F00736C52 /* Headers */,
				37C031741ABB7D7000ABB47B /* CopyFiles */,
			);
			buildRules = (
			);
			dependencies = (
			);
			name = FxDSP;
			productName = FutureTechAudio;
			productReference = 37EAC0E71818AE2F00736C52 /* libFxDSP.dylib */;
			productType = "com.apple.product-type.library.dynamic";
		};
/* End PBXNativeTarget section */

/* Begin PBXProject section */
		37EAC0DF1818AE2F00736C52 /* Project object */ = {
			isa = PBXProject;
			attributes = {
				LastUpgradeCheck = 0730;
				ORGANIZATIONNAME = "Hamilton Kibbe";
				TargetAttributes = {
					37B8EC811AC7315300EBD2E3 = {
						CreatedOnToolsVersion = 6.2;
					};
					37C031791ABB7E0200ABB47B = {
						CreatedOnToolsVersion = 6.2;
					};
					37D3CBC21AD4D67D001E598C = {
						CreatedOnToolsVersion = 6.2;
					};
				};
			};
			buildConfigurationList = 37EAC0E21818AE2F00736C52 /* Build configuration list for PBXProject "FxDSP" */;
			compatibilityVersion = "Xcode 3.2";
			developmentRegion = English;
			hasScannedForEncodings = 0;
			knownRegions = (
				en,
				English,
			);
			mainGroup = 37EAC0DE1818AE2F00736C52;
			productRefGroup = 37EAC0E81818AE2F00736C52 /* Products */;
			projectDirPath = "";
			projectRoot = "";
			targets = (
				37EAC0E61818AE2F00736C52 /* FxDSP */,
				37C031791ABB7E0200ABB47B /* FxDSP Static */,
				37B8EC811AC7315300EBD2E3 /* All */,
				37D3CBC21AD4D67D001E598C /* Test */,
			);
		};
/* End PBXProject section */

/* Begin PBXSourcesBuildPhase section */
		37C031761ABB7E0200ABB47B /* Sources */ = {
			isa = PBXSourcesBuildPhase;
			buildActionMask = 2147483647;
			files = (
				376ED3CB1AF6672E0054BA36 /* MidiUtils.c in Sources */,
				3775E09A1AD6075600930665 /* DiodeSaturator.c in Sources */,
				3775E09B1AD6075600930665 /* PanLaw.c in Sources */,
				37C0317E1ABB7E3500ABB47B /* BiquadFilter.c in Sources */,
				37C0317F1ABB7E3500ABB47B /* CircularBuffer.c in Sources */,
				37C031811ABB7E3500ABB47B /* DiodeRectifier.c in Sources */,
				37C031821ABB7E3500ABB47B /* Dsp.c in Sources */,
				37C031831ABB7E3500ABB47B /* FFT.c in Sources */,
				37C031841ABB7E3500ABB47B /* FIRFilter.c in Sources */,
				373B1C921B0060B900B0B40D /* Decimator.c in Sources */,
				37C031851ABB7E3500ABB47B /* LadderFilter.c in Sources */,
				37C031861ABB7E3500ABB47B /* LinkwitzRileyFilter.c in Sources */,
				37C031871ABB7E3500ABB47B /* MultibandBank.c in Sources */,
				3726641D1CF5621A00E11FE7 /* Stereo.c in Sources */,
				37C031881ABB7E3500ABB47B /* OnePole.c in Sources */,
				37C031891ABB7E3500ABB47B /* Optocoupler.c in Sources */,
				37DC0C4B1B0FF80000C20827 /* Metering.c in Sources */,
				3713FCD01B16882D002C199A /* bs1770.c in Sources */,
				37C0318A1ABB7E3500ABB47B /* PolySaturator.c in Sources */,
				37291C721D08F67E00387A90 /* SpectrumAnalyzer.c in Sources */,
				373B1C981B006BAA00B0B40D /* PolyphaseCoeffs.c in Sources */,
				37C0318B1ABB7E3500ABB47B /* RBJFilter.c in Sources */,
				37C0318C1ABB7E3500ABB47B /* RMSEstimator.c in Sources */,
				37C0318D1ABB7E3500ABB47B /* Tape.c in Sources */,
				37C0318E1ABB7E3500ABB47B /* Upsampler.c in Sources */,
				37C0318F1ABB7E3500ABB47B /* Utilities.c in Sources */,
				37C031921ABB7E3500ABB47B /* WindowFunction.c in Sources */,
			);
			runOnlyForDeploymentPostprocessing = 0;
		};
		37D3CBBF1AD4D67D001E598C /* Sources */ = {
			isa = PBXSourcesBuildPhase;
			buildActionMask = 2147483647;
			files = (
				37139B4D1AFB269E00207A08 /* TestLinkwitzRileyFilter.cpp in Sources */,
				37291C751D0907D300387A90 /* TestSpectrumAnalyzer.cpp in Sources */,
				37BD93051B139082009238D4 /* TestUpsampler.cpp in Sources */,
				373CBAB01AF722D600B488E8 /* TestUtilities.cpp in Sources */,
				370223341B4F31B800750735 /* TestBS1770.cpp in Sources */,
				37D4B2EC1CCC27A800A5A0F7 /* TestOptocoupler.cpp in Sources */,
				376ED3CE1AF6683E0054BA36 /* TestRMS.cpp in Sources */,
				3775E0931AD501DE00930665 /* TestRBJFilter.cpp in Sources */,
				3775E08B1AD4F1E500930665 /* TestOnePole.cpp in Sources */,
				373CBAAE1AF71F3F00B488E8 /* TestPanLaw.cpp in Sources */,
				37D3CBCD1AD4D74D001E598C /* main.cpp in Sources */,
				3726641E1CF5621A00E11FE7 /* Stereo.c in Sources */,
				37BD93071B13A46C009238D4 /* TestDecimator.cpp in Sources */,
				37D3CBD51AD4DCC2001E598C /* TestCircularBuffer.cpp in Sources */,
				376090921B6F1905009EF6E0 /* TestDiodeRectifier.cpp in Sources */,
				3775E0901AD4F8A500930665 /* TestFIRFilter.cpp in Sources */,
				37D3CBCA1AD4D6DB001E598C /* TestBiquadFilter.cpp in Sources */,
				3775E09F1AD60A5100930665 /* TestWindowFunctions.cpp in Sources */,
				3775E0951AD605CA00930665 /* TestMidiUtils.cpp in Sources */,
				37DC0C521B0FF8CA00C20827 /* TestMetering.cpp in Sources */,
				376CF3781ADB56BF001486B7 /* TestFFT.cpp in Sources */,
				370223321B4F0E5E00750735 /* Signals.cpp in Sources */,
				3775E08E1AD4F4EE00930665 /* TestDSP.cpp in Sources */,
				37291C731D08F67E00387A90 /* SpectrumAnalyzer.c in Sources */,
				376CF37A1ADB6849001486B7 /* TestMultibandFilterBank.cpp in Sources */,
			);
			runOnlyForDeploymentPostprocessing = 0;
		};
		37EAC0E31818AE2F00736C52 /* Sources */ = {
			isa = PBXSourcesBuildPhase;
			buildActionMask = 2147483647;
			files = (
				376ED3CA1AF666980054BA36 /* MidiUtils.c in Sources */,
				3775E0991AD6074B00930665 /* DiodeSaturator.c in Sources */,
				37C030E61ABB5EBF00ABB47B /* FFT.c in Sources */,
				37C030F01ABB5EBF00ABB47B /* Tape.c in Sources */,
				37C030E81ABB5EBF00ABB47B /* LadderFilter.c in Sources */,
				37C030E21ABB5EBF00ABB47B /* CircularBuffer.c in Sources */,
				37C030E51ABB5EBF00ABB47B /* Dsp.c in Sources */,
				37C030EE1ABB5EBF00ABB47B /* RBJFilter.c in Sources */,
				373B1C911B0060B900B0B40D /* Decimator.c in Sources */,
				37C030F21ABB5EBF00ABB47B /* Utilities.c in Sources */,
				37C030E11ABB5EBF00ABB47B /* BiquadFilter.c in Sources */,
				37C030EB1ABB5EBF00ABB47B /* OnePole.c in Sources */,
				37C030ED1ABB5EBF00ABB47B /* PolySaturator.c in Sources */,
				3726641C1CF5621A00E11FE7 /* Stereo.c in Sources */,
				37DC0C4A1B0FF80000C20827 /* Metering.c in Sources */,
				3713FCCF1B16882D002C199A /* bs1770.c in Sources */,
				37C030E91ABB5EBF00ABB47B /* LinkwitzRileyFilter.c in Sources */,
				373B1C971B006BAA00B0B40D /* PolyphaseCoeffs.c in Sources */,
				37CDDD8F1AC9C83C001B96BA /* PanLaw.c in Sources */,
				37291C711D08F67E00387A90 /* SpectrumAnalyzer.c in Sources */,
				37C030EF1ABB5EBF00ABB47B /* RMSEstimator.c in Sources */,
				37C030E41ABB5EBF00ABB47B /* DiodeRectifier.c in Sources */,
				37C030F11ABB5EBF00ABB47B /* Upsampler.c in Sources */,
				37C030EA1ABB5EBF00ABB47B /* MultibandBank.c in Sources */,
				37C030F51ABB5EBF00ABB47B /* WindowFunction.c in Sources */,
				37C030EC1ABB5EBF00ABB47B /* Optocoupler.c in Sources */,
				37C030E71ABB5EBF00ABB47B /* FIRFilter.c in Sources */,
			);
			runOnlyForDeploymentPostprocessing = 0;
		};
/* End PBXSourcesBuildPhase section */

/* Begin PBXTargetDependency section */
		37B8EC861AC7316400EBD2E3 /* PBXTargetDependency */ = {
			isa = PBXTargetDependency;
			target = 37EAC0E61818AE2F00736C52 /* FxDSP */;
			targetProxy = 37B8EC851AC7316400EBD2E3 /* PBXContainerItemProxy */;
		};
		37B8EC881AC7316400EBD2E3 /* PBXTargetDependency */ = {
			isa = PBXTargetDependency;
			target = 37C031791ABB7E0200ABB47B /* FxDSP Static */;
			targetProxy = 37B8EC871AC7316400EBD2E3 /* PBXContainerItemProxy */;
		};
		37D3CBD11AD4D969001E598C /* PBXTargetDependency */ = {
			isa = PBXTargetDependency;
			target = 37EAC0E61818AE2F00736C52 /* FxDSP */;
			targetProxy = 37D3CBD01AD4D969001E598C /* PBXContainerItemProxy */;
		};
/* End PBXTargetDependency section */

/* Begin XCBuildConfiguration section */
		37B8EC821AC7315300EBD2E3 /* Debug */ = {
			isa = XCBuildConfiguration;
			buildSettings = {
				HEADER_SEARCH_PATHS = (
					"$(inherited)",
					/Applications/Xcode.app/Contents/Developer/Toolchains/XcodeDefault.xctoolchain/usr/include,
					/usr/local/include,
				);
				PRODUCT_NAME = "$(TARGET_NAME)";
			};
			name = Debug;
		};
		37B8EC831AC7315300EBD2E3 /* Release */ = {
			isa = XCBuildConfiguration;
			buildSettings = {
				HEADER_SEARCH_PATHS = (
					"$(inherited)",
					/Applications/Xcode.app/Contents/Developer/Toolchains/XcodeDefault.xctoolchain/usr/include,
					/usr/local/include,
				);
				PRODUCT_NAME = "$(TARGET_NAME)";
			};
			name = Release;
		};
		37C0317C1ABB7E0200ABB47B /* Debug */ = {
			isa = XCBuildConfiguration;
			buildSettings = {
				CLANG_ENABLE_MODULES = YES;
				CLANG_WARN_UNREACHABLE_CODE = YES;
				COMBINE_HIDPI_IMAGES = YES;
				ENABLE_STRICT_OBJC_MSGSEND = YES;
				EXECUTABLE_PREFIX = lib;
				GCC_GENERATE_TEST_COVERAGE_FILES = YES;
				GCC_PREPROCESSOR_DEFINITIONS = (
					"DEBUG=1",
					"$(inherited)",
				);
				GCC_WARN_UNINITIALIZED_AUTOS = YES_AGGRESSIVE;
				HEADER_SEARCH_PATHS = (
					"$(inherited)",
					/Applications/Xcode.app/Contents/Developer/Toolchains/XcodeDefault.xctoolchain/usr/include,
					/usr/local/include,
				);
				LIBRARY_SEARCH_PATHS = (
					"$(inherited)",
					/usr/local/Cellar/fftw/3.3.4_1/lib,
				);
				MACOSX_DEPLOYMENT_TARGET = 10.10;
				MTL_ENABLE_DEBUG_INFO = YES;
				ONLY_ACTIVE_ARCH = NO;
				PRODUCT_NAME = FxDSP;
			};
			name = Debug;
		};
		37C0317D1ABB7E0200ABB47B /* Release */ = {
			isa = XCBuildConfiguration;
			buildSettings = {
				CLANG_ENABLE_MODULES = YES;
				CLANG_WARN_UNREACHABLE_CODE = YES;
				COMBINE_HIDPI_IMAGES = YES;
				COPY_PHASE_STRIP = NO;
				ENABLE_STRICT_OBJC_MSGSEND = YES;
				EXECUTABLE_PREFIX = lib;
				GCC_GENERATE_TEST_COVERAGE_FILES = NO;
				GCC_WARN_UNINITIALIZED_AUTOS = YES_AGGRESSIVE;
				HEADER_SEARCH_PATHS = (
					"$(inherited)",
					/Applications/Xcode.app/Contents/Developer/Toolchains/XcodeDefault.xctoolchain/usr/include,
					/usr/local/include,
				);
				LIBRARY_SEARCH_PATHS = (
					"$(inherited)",
					/usr/local/Cellar/fftw/3.3.4_1/lib,
				);
				MACOSX_DEPLOYMENT_TARGET = 10.10;
				MTL_ENABLE_DEBUG_INFO = NO;
				PRODUCT_NAME = FxDSP;
			};
			name = Release;
		};
		37D3CBC81AD4D67D001E598C /* Debug */ = {
			isa = XCBuildConfiguration;
			buildSettings = {
				CLANG_ENABLE_MODULES = YES;
				CLANG_WARN_UNREACHABLE_CODE = YES;
				ENABLE_STRICT_OBJC_MSGSEND = YES;
				GCC_PREPROCESSOR_DEFINITIONS = (
					"DEBUG=1",
					"$(inherited)",
				);
				GCC_WARN_UNINITIALIZED_AUTOS = YES_AGGRESSIVE;
				HEADER_SEARCH_PATHS = (
					"$(inherited)",
					/Applications/Xcode.app/Contents/Developer/Toolchains/XcodeDefault.xctoolchain/usr/include,
					/usr/local/include,
				);
				LIBRARY_SEARCH_PATHS = /usr/local/lib;
				MACOSX_DEPLOYMENT_TARGET = 10.10;
				MTL_ENABLE_DEBUG_INFO = YES;
				ONLY_ACTIVE_ARCH = YES;
				PRODUCT_NAME = "$(TARGET_NAME)";
			};
			name = Debug;
		};
		37D3CBC91AD4D67D001E598C /* Release */ = {
			isa = XCBuildConfiguration;
			buildSettings = {
				CLANG_ENABLE_MODULES = YES;
				CLANG_WARN_UNREACHABLE_CODE = YES;
				COPY_PHASE_STRIP = NO;
				ENABLE_STRICT_OBJC_MSGSEND = YES;
				GCC_WARN_UNINITIALIZED_AUTOS = YES_AGGRESSIVE;
				HEADER_SEARCH_PATHS = (
					"$(inherited)",
					/Applications/Xcode.app/Contents/Developer/Toolchains/XcodeDefault.xctoolchain/usr/include,
					/usr/local/include,
				);
				LIBRARY_SEARCH_PATHS = /usr/local/lib;
				MACOSX_DEPLOYMENT_TARGET = 10.10;
				MTL_ENABLE_DEBUG_INFO = NO;
				ONLY_ACTIVE_ARCH = YES;
				PRODUCT_NAME = "$(TARGET_NAME)";
			};
			name = Release;
		};
		37EAC0E91818AE2F00736C52 /* Debug */ = {
			isa = XCBuildConfiguration;
			buildSettings = {
				ALWAYS_SEARCH_USER_PATHS = NO;
				CLANG_CXX_LANGUAGE_STANDARD = "gnu++0x";
				CLANG_CXX_LIBRARY = "libc++";
				CLANG_ENABLE_OBJC_ARC = YES;
				CLANG_WARN_BOOL_CONVERSION = YES;
				CLANG_WARN_CONSTANT_CONVERSION = YES;
				CLANG_WARN_DIRECT_OBJC_ISA_USAGE = YES_ERROR;
				CLANG_WARN_EMPTY_BODY = YES;
				CLANG_WARN_ENUM_CONVERSION = YES;
				CLANG_WARN_INT_CONVERSION = YES;
				CLANG_WARN_OBJC_ROOT_CLASS = YES_ERROR;
				CLANG_WARN__DUPLICATE_METHOD_MATCH = YES;
				COPY_PHASE_STRIP = NO;
				ENABLE_TESTABILITY = YES;
				GCC_C_LANGUAGE_STANDARD = gnu99;
				GCC_DYNAMIC_NO_PIC = NO;
				GCC_ENABLE_OBJC_EXCEPTIONS = YES;
				GCC_OPTIMIZATION_LEVEL = 0;
				GCC_PREPROCESSOR_DEFINITIONS = (
					"DEBUG=1",
					"$(inherited)",
				);
				GCC_SYMBOLS_PRIVATE_EXTERN = NO;
				GCC_WARN_64_TO_32_BIT_CONVERSION = YES;
				GCC_WARN_ABOUT_RETURN_TYPE = YES_ERROR;
				GCC_WARN_UNDECLARED_SELECTOR = YES;
				GCC_WARN_UNINITIALIZED_AUTOS = YES;
				GCC_WARN_UNUSED_FUNCTION = YES;
				GCC_WARN_UNUSED_VARIABLE = YES;
				MACOSX_DEPLOYMENT_TARGET = 10.11;
				ONLY_ACTIVE_ARCH = YES;
				SDKROOT = macosx;
				VALID_ARCHS = "i386 x86_64";
			};
			name = Debug;
		};
		37EAC0EA1818AE2F00736C52 /* Release */ = {
			isa = XCBuildConfiguration;
			buildSettings = {
				ALWAYS_SEARCH_USER_PATHS = NO;
				CLANG_CXX_LANGUAGE_STANDARD = "gnu++0x";
				CLANG_CXX_LIBRARY = "libc++";
				CLANG_ENABLE_OBJC_ARC = YES;
				CLANG_WARN_BOOL_CONVERSION = YES;
				CLANG_WARN_CONSTANT_CONVERSION = YES;
				CLANG_WARN_DIRECT_OBJC_ISA_USAGE = YES_ERROR;
				CLANG_WARN_EMPTY_BODY = YES;
				CLANG_WARN_ENUM_CONVERSION = YES;
				CLANG_WARN_INT_CONVERSION = YES;
				CLANG_WARN_OBJC_ROOT_CLASS = YES_ERROR;
				CLANG_WARN__DUPLICATE_METHOD_MATCH = YES;
				COPY_PHASE_STRIP = YES;
				DEBUG_INFORMATION_FORMAT = "dwarf-with-dsym";
				ENABLE_NS_ASSERTIONS = NO;
				GCC_C_LANGUAGE_STANDARD = gnu99;
				GCC_ENABLE_OBJC_EXCEPTIONS = YES;
				GCC_WARN_64_TO_32_BIT_CONVERSION = YES;
				GCC_WARN_ABOUT_RETURN_TYPE = YES_ERROR;
				GCC_WARN_UNDECLARED_SELECTOR = YES;
				GCC_WARN_UNINITIALIZED_AUTOS = YES;
				GCC_WARN_UNUSED_FUNCTION = YES;
				GCC_WARN_UNUSED_VARIABLE = YES;
				MACOSX_DEPLOYMENT_TARGET = 10.11;
				SDKROOT = macosx;
				VALID_ARCHS = "i386 x86_64";
			};
			name = Release;
		};
		37EAC0EC1818AE2F00736C52 /* Debug */ = {
			isa = XCBuildConfiguration;
			buildSettings = {
				COMBINE_HIDPI_IMAGES = YES;
				EXCLUDED_RECURSIVE_SEARCH_PATH_SUBDIRECTORIES = "*.nib *.lproj *.framework *.gch *.xcode* (*) .DS_Store CVS .svn .git .hg Demos";
				EXECUTABLE_PREFIX = lib;
				GCC_GENERATE_TEST_COVERAGE_FILES = YES;
				HEADER_SEARCH_PATHS = (
					"$(inherited)",
					/Applications/Xcode.app/Contents/Developer/Toolchains/XcodeDefault.xctoolchain/usr/include,
					/usr/local/include,
				);
				LIBRARY_SEARCH_PATHS = (
					"$(inherited)",
					/usr/local/Cellar/fftw/3.3.4_1/lib,
				);
				ONLY_ACTIVE_ARCH = NO;
				PRODUCT_NAME = FxDSP;
				TEST_HOST = XCTest;
			};
			name = Debug;
		};
		37EAC0ED1818AE2F00736C52 /* Release */ = {
			isa = XCBuildConfiguration;
			buildSettings = {
				COMBINE_HIDPI_IMAGES = YES;
				EXCLUDED_RECURSIVE_SEARCH_PATH_SUBDIRECTORIES = "*.nib *.lproj *.framework *.gch *.xcode* (*) .DS_Store CVS .svn .git .hg Demos";
				EXECUTABLE_PREFIX = lib;
				GCC_GENERATE_TEST_COVERAGE_FILES = NO;
				HEADER_SEARCH_PATHS = (
					"$(inherited)",
					/Applications/Xcode.app/Contents/Developer/Toolchains/XcodeDefault.xctoolchain/usr/include,
					/usr/local/include,
				);
				LIBRARY_SEARCH_PATHS = (
					"$(inherited)",
					/usr/local/Cellar/fftw/3.3.4_1/lib,
				);
				PRODUCT_NAME = FxDSP;
				TEST_HOST = XCTest;
			};
			name = Release;
		};
/* End XCBuildConfiguration section */

/* Begin XCConfigurationList section */
		37B8EC841AC7315300EBD2E3 /* Build configuration list for PBXAggregateTarget "All" */ = {
			isa = XCConfigurationList;
			buildConfigurations = (
				37B8EC821AC7315300EBD2E3 /* Debug */,
				37B8EC831AC7315300EBD2E3 /* Release */,
			);
			defaultConfigurationIsVisible = 0;
			defaultConfigurationName = Release;
		};
		37C0317B1ABB7E0200ABB47B /* Build configuration list for PBXNativeTarget "FxDSP Static" */ = {
			isa = XCConfigurationList;
			buildConfigurations = (
				37C0317C1ABB7E0200ABB47B /* Debug */,
				37C0317D1ABB7E0200ABB47B /* Release */,
			);
			defaultConfigurationIsVisible = 0;
			defaultConfigurationName = Release;
		};
		37D3CBC71AD4D67D001E598C /* Build configuration list for PBXNativeTarget "Test" */ = {
			isa = XCConfigurationList;
			buildConfigurations = (
				37D3CBC81AD4D67D001E598C /* Debug */,
				37D3CBC91AD4D67D001E598C /* Release */,
			);
			defaultConfigurationIsVisible = 0;
			defaultConfigurationName = Release;
		};
		37EAC0E21818AE2F00736C52 /* Build configuration list for PBXProject "FxDSP" */ = {
			isa = XCConfigurationList;
			buildConfigurations = (
				37EAC0E91818AE2F00736C52 /* Debug */,
				37EAC0EA1818AE2F00736C52 /* Release */,
			);
			defaultConfigurationIsVisible = 0;
			defaultConfigurationName = Release;
		};
		37EAC0EB1818AE2F00736C52 /* Build configuration list for PBXNativeTarget "FxDSP" */ = {
			isa = XCConfigurationList;
			buildConfigurations = (
				37EAC0EC1818AE2F00736C52 /* Debug */,
				37EAC0ED1818AE2F00736C52 /* Release */,
			);
			defaultConfigurationIsVisible = 0;
			defaultConfigurationName = Release;
		};
/* End XCConfigurationList section */
	};
	rootObject = 37EAC0DF1818AE2F00736C52 /* Project object */;
}
